# This file is generated by running "yarn install" inside your project.
# Manual changes might be lost - proceed with caution!

__metadata:
  version: 6
  cacheKey: 8

"base64url@npm:3.x.x":
  version: 3.0.1
  resolution: "base64url@npm:3.0.1"
  checksum: a77b2a3a526b3343e25be424de3ae0aa937d78f6af7c813ef9020ef98001c0f4e2323afcd7d8b2d2978996bf8c42445c3e9f60c218c622593e5fdfd54a3d6e18
  languageName: node
  linkType: hard

"githubauth@workspace:.":
  version: 0.0.0-use.local
  resolution: "githubauth@workspace:."
  dependencies:
    passport-github: 1.1.0
    passport-local: 1.0.0
  languageName: unknown
  linkType: soft

"oauth@npm:0.9.x":
  version: 0.9.15
  resolution: "oauth@npm:0.9.15"
  checksum: 957c0d8d85300398dcb0e293953650c0fc3facc795bee8228238414f19f59cef5fd4ee8d17a972c142924c10c5f6ec50ef80f77f4a6cc6e3c98f9d22c027801c
  languageName: node
  linkType: hard

"passport-github@npm:1.1.0":
  version: 1.1.0
  resolution: "passport-github@npm:1.1.0"
  dependencies:
    passport-oauth2: 1.x.x
  checksum: 934be3b16c698517cd479ea55c0a17424c402d9ed867bc16d320a9c0c05662d88d9f37bb8eef47db00c49b1fd37153e5e564959ce2c93a8fa810b30ff69b6c37
  languageName: node
  linkType: hard

"passport-local@npm:1.0.0":
  version: 1.0.0
  resolution: "passport-local@npm:1.0.0"
  dependencies:
    passport-strategy: 1.x.x
  checksum: 86dc08b12f05f0ce1bb109780ccb0377eff45bbba70aa9c0d65f092b3ef476d344c0443517db2e9f3e5ec0ca849171ab25fb622164e0f69a677173af42b9bba7
  languageName: node
  linkType: hard

"passport-oauth2@npm:1.x.x":
  version: 1.6.1
  resolution: "passport-oauth2@npm:1.6.1"
  dependencies:
    base64url: 3.x.x
    oauth: 0.9.x
    passport-strategy: 1.x.x
    uid2: 0.0.x
    utils-merge: 1.x.x
  checksum: 2a5b01a884ebade01770543d3b84fbdbc45c75ca13b320b88ae59e33388bb485a27c323c2d3904058dca57065bf0e2a78c645cbb62600ced2dcdd43094259f0e
  languageName: node
  linkType: hard

"passport-strategy@npm:1.x.x":
  version: 1.0.0
  resolution: "passport-strategy@npm:1.0.0"
  checksum: 5086693f2508e538dffa55a338c89fe8192fb5f4478c71f80cd5890b8573419a098f4fec88b505374f60bbe9049f6f24b9f3992678612528a3370b4dc73354a2
  languageName: node
  linkType: hard

"uid2@npm:0.0.x":
  version: 0.0.4
  resolution: "uid2@npm:0.0.4"
  checksum: e92325ce2e3b7be504b19e835dbb5a8b0495031f364b08ca46745468ed0ae0f202a4fdaf99a1a2715844156efc3ab410456ae24a0f7c0ae4b0a2e9f2784edfd9
  languageName: node
  linkType: hard

"utils-merge@npm:1.x.x":
  version: 1.0.1
  resolution: "utils-merge@npm:1.0.1"
  checksum: c81095493225ecfc28add49c106ca4f09cdf56bc66731aa8dabc2edbbccb1e1bfe2de6a115e5c6a380d3ea166d1636410b62ef216bb07b3feb1cfde1d95d5080
  languageName: node
  linkType: hard
