# This file is generated by running "yarn install" inside your project.
# Manual changes might be lost - proceed with caution!

__metadata:
  version: 4
  cacheKey: 7

"base64url@npm:3.x.x":
  version: 3.0.1
  resolution: "base64url@npm:3.0.1"
  checksum: e7c3424af4c711e1fbfe6b6e7e3976af684a5a080aa7c17a3d1fd375a029ff5f831ada40223571a8032d7c45f91d48266a9c367467a5f0c995cfb69de90cbdd3
  languageName: node
  linkType: hard

"githubauth@workspace:.":
  version: 0.0.0-use.local
  resolution: "githubauth@workspace:."
  dependencies:
    passport-github: ^1.1.0
    passport-local: ^1.0.0
  languageName: unknown
  linkType: soft

"oauth@npm:0.9.x":
  version: 0.9.15
  resolution: "oauth@npm:0.9.15"
  checksum: 2f1609b8e7fc548b3916d601d3bfe6d78585c20a668f36304ea587f6d6c33c9ad1f58c17dc7618fe1ceae9396fcc8e7a8be328960b9f07bd314c088a12f6cefe
  languageName: node
  linkType: hard

"passport-github@npm:^1.1.0":
  version: 1.1.0
  resolution: "passport-github@npm:1.1.0"
  dependencies:
    passport-oauth2: 1.x.x
  checksum: 5937c80aaadec805229c1f0481478157f00c02983d1d6ee97b43747fde956a777f49a9d625762a2b09d74e5203b67b54b8c8433cba5988db9131911ad07e1673
  languageName: node
  linkType: hard

"passport-local@npm:^1.0.0":
  version: 1.0.0
  resolution: "passport-local@npm:1.0.0"
  dependencies:
    passport-strategy: 1.x.x
  checksum: 2d3decab3fde758227c42c5780ffa7fac50759fcf56b49a845de05c72062e2f5b2288ab1badddba0fb6d21eb3d5b4e4bb1083b922624ac4fe90e97fcba0f3b96
  languageName: node
  linkType: hard

"passport-oauth2@npm:1.x.x":
  version: 1.5.0
  resolution: "passport-oauth2@npm:1.5.0"
  dependencies:
    base64url: 3.x.x
    oauth: 0.9.x
    passport-strategy: 1.x.x
    uid2: 0.0.x
    utils-merge: 1.x.x
  checksum: b63ff7843e21375cdf9f5d9580b19488c8f7c257d614dc0b0151c1692948b2f92410c14278843260608aec81330e249880cdc55fbbd1b82d85cdc8572e13e4e6
  languageName: node
  linkType: hard

"passport-strategy@npm:1.x.x":
  version: 1.0.0
  resolution: "passport-strategy@npm:1.0.0"
  checksum: 4ad0b62fcb411df70484aef44a958bc545801170e27c46a8bc38776c370d9cc67df9a4a4046ac6146fbd95d6650e554468df72b282cde22e81a42369472e9cfc
  languageName: node
  linkType: hard

"uid2@npm:0.0.x":
  version: 0.0.3
  resolution: "uid2@npm:0.0.3"
  checksum: 7b0fc54edb7e7366e2c4ff784167d557374f1733b4f6ff2c4cf8362f45fa5027c09c535a9c912137f94547bfc38e5d153ea7b499d999b34921da7630b826d189
  languageName: node
  linkType: hard

"utils-merge@npm:1.x.x":
  version: 1.0.1
  resolution: "utils-merge@npm:1.0.1"
  checksum: a457956ebc09efbda05da8bf213ab89140bb9dffa3c42b3315dd8fc3c45d67a1b802741f58b7bba4872113201fc275fc86470289d8bd32b74297b5e5b5980705
  languageName: node
  linkType: hard
