# This file is generated by running "yarn install" inside your project.
# Manual changes might be lost - proceed with caution!

__metadata:
  version: 4
  cacheKey: 7

"@botframework-composer/types@file:../../Composer/packages/types::locator=mockRemotePublish%40workspace%3A.":
  version: 0.0.2
  resolution: "@botframework-composer/types@file:../../Composer/packages/types#../../Composer/packages/types::hash=f75d0b&locator=mockRemotePublish%40workspace%3A."
  dependencies:
    "@types/express": ^4.16.1
    "@types/passport": ^1.0.4
    axios: ^0.21.1
    botframework-schema: ^4.11.1
    express-serve-static-core: 0.1.1
    json-schema: ^0.2.5
  checksum: 1231f19ce01be569566a9b4cf481d78f2149c344b0a17920e144a3906c87c677619d1031fb874a400a642f532ad4769b50918437901d02d9bb5d574b60d14160
  languageName: node
  linkType: hard

"@types/body-parser@npm:*":
  version: 1.19.0
  resolution: "@types/body-parser@npm:1.19.0"
  dependencies:
    "@types/connect": "*"
    "@types/node": "*"
  checksum: 4576f3fde5980c1219cadbc7c523bdb1cefc3713300e18bf47ff37bb9b8176342a1dc7519008311fd8fc11413cf188a83931b9b59051aa1c2f095c1e10459369
  languageName: node
  linkType: hard

"@types/connect@npm:*":
  version: 3.4.33
  resolution: "@types/connect@npm:3.4.33"
  dependencies:
    "@types/node": "*"
  checksum: 6414495b5995fcb8274feb8b1f113c0685160ea7781e75c638325c6e7a0c226d0c554fa622fe3d278470358c99f68a5994fe49e1b104736f76f3fb3b509e375f
  languageName: node
  linkType: hard

"@types/express-serve-static-core@npm:*":
  version: 4.17.13
  resolution: "@types/express-serve-static-core@npm:4.17.13"
  dependencies:
    "@types/node": "*"
    "@types/qs": "*"
    "@types/range-parser": "*"
  checksum: 6db6f2e0ebadcb3492b97fc76e66bc49c44385c8c1a6c7df75f7bce5fdade53061393cc3271b9183137d9877df03dd45dc42f4e0ec2d89f8ad5479341da302f0
  languageName: node
  linkType: hard

"@types/express-serve-static-core@npm:^4.17.18":
  version: 4.17.18
  resolution: "@types/express-serve-static-core@npm:4.17.18"
  dependencies:
    "@types/node": "*"
    "@types/qs": "*"
    "@types/range-parser": "*"
  checksum: 329d5ded5c6b77c40bbed136ddf34f6fbae1ec3c43dadb5309fa60cedc3de9508a78fcba756c54e0d6362127d29b114afe4fcc75dc42a44909d48a7114315dc4
  languageName: node
  linkType: hard

"@types/express@npm:*":
  version: 4.17.8
  resolution: "@types/express@npm:4.17.8"
  dependencies:
    "@types/body-parser": "*"
    "@types/express-serve-static-core": "*"
    "@types/qs": "*"
    "@types/serve-static": "*"
  checksum: 9220ef3cb010faea3f77f85453b0ef3bd41e70003ac7d0ea2b7611ac9c36184995256cc61a7bb205f80a3bc51006cf7ccb29a0186c0d1fe0c0582946a0e65e7a
  languageName: node
  linkType: hard

"@types/express@npm:^4.16.1":
  version: 4.17.11
  resolution: "@types/express@npm:4.17.11"
  dependencies:
    "@types/body-parser": "*"
    "@types/express-serve-static-core": ^4.17.18
    "@types/qs": "*"
    "@types/serve-static": "*"
  checksum: 2818120a0fd8b7982215864929cdc6cd14942dd44849f93054fe2a90b4233dff67aadc34c73b5937922a02c688b0263d00a4807aa2e59307ac859a1458d73669
  languageName: node
  linkType: hard

"@types/mime@npm:*":
  version: 2.0.3
  resolution: "@types/mime@npm:2.0.3"
  checksum: 6df548a912494f8579d548cd883be0425f30eaa2922283335c405e270600f49045a06d766460c0f0edabb41dff570c614d174d3c52215de3bddd11f190ec9ae9
  languageName: node
  linkType: hard

"@types/node@npm:*":
  version: 14.14.2
  resolution: "@types/node@npm:14.14.2"
  checksum: e6ad786008ec81e010525beb09067f31cc55a3a02120a7e383e21309c1422a0d4a56059c1da46716509e36dbd4d2c607790f3fd715275a09b9f3ffb2cf3b243e
  languageName: node
  linkType: hard

"@types/node@npm:^14.11.8":
  version: 14.11.8
  resolution: "@types/node@npm:14.11.8"
  checksum: 5139c07ba76d791b4930fa02ec746656dacf78b43c431d56a7514a8285962d0511bf356bee870968a541033c14967b58f7b2a58c48ac81646ce4eb28d2ff433d
  languageName: node
  linkType: hard

"@types/passport@npm:^1.0.4":
  version: 1.0.5
  resolution: "@types/passport@npm:1.0.5"
  dependencies:
    "@types/express": "*"
  checksum: 090e3bec6a3a03613b0e30902b7af12199288db2b9bc5a0f0623eeb57a323ec695af36fd14d4ad48b9223359de1fe6aff7661b4f42f93034e6c147f6ecf384a2
  languageName: node
  linkType: hard

"@types/qs@npm:*":
  version: 6.9.5
  resolution: "@types/qs@npm:6.9.5"
  checksum: afe4721a802a4b5fa874a7d6d9fd33c9e812bb0ef90dabb050e8072be4ab2e5e817c0feacb9b4e0771d875de99f4d9738217976aeb8d36b81ccd82ded5e9fdc0
  languageName: node
  linkType: hard

"@types/range-parser@npm:*":
  version: 1.2.3
  resolution: "@types/range-parser@npm:1.2.3"
  checksum: 092fabae0ecbd728d3e4debc938cd043e97cb9f210cfec1c56ff6065c6e91666f376eb586591825d6757a058fd1a1dc4831d34e04ecfbb0800f35b8d86d38635
  languageName: node
  linkType: hard

"@types/serve-static@npm:*":
  version: 1.13.6
  resolution: "@types/serve-static@npm:1.13.6"
  dependencies:
    "@types/mime": "*"
    "@types/node": "*"
  checksum: 357b76f32ea14f158540cf479b8b0b69fada18d8348a544630c58d7188e65b569519c70f90023d17fe4b00c4fe78dac2f9030a61279f7ac06b67d414a479623c
  languageName: node
  linkType: hard

"@types/uuid@npm:^7.0.2":
  version: 7.0.3
  resolution: "@types/uuid@npm:7.0.3"
  checksum: 153b22d8ab2160b473230abce15087c3b48f219a9e8607be7f3f1bece5becc738f49717410863b0ef58cdb5ea08343dbbc393840be904f5806979d2d3c107cf8
  languageName: node
  linkType: hard

"axios@npm:^0.21.1":
  version: 0.21.1
  resolution: "axios@npm:0.21.1"
  dependencies:
    follow-redirects: ^1.10.0
  checksum: 864fb7b5d077d236737f10adca53bf451a93f35a15271f56fba8da07265a02d26b7d881b935a6697dc6adb0549ea3e56d2eecb403edaa3bb78f6479901c10f69
  languageName: node
  linkType: hard

"botbuilder-stdlib@npm:4.13.5-internal":
  version: 4.13.5-internal
  resolution: "botbuilder-stdlib@npm:4.13.5-internal"
  checksum: 237883bfa609b9f5c275a47a4ca75786c9b469a4006a6359b7cd6622ae910c43a8500292fe74dd3f7b817788825c41e797a17eb5305a3c527ba3cc8854c3d9a7
  languageName: node
  linkType: hard

"botframework-schema@npm:^4.11.1":
  version: 4.13.5
  resolution: "botframework-schema@npm:4.13.5"
  dependencies:
    botbuilder-stdlib: 4.13.5-internal
  checksum: fd65c2242219d7d2c3cd7aa221699a33d89917d566de7dd503d4937006b011200e7924394203efa1c0f1795163417969258031062eb8383ad603bce6b17c7891
  languageName: node
  linkType: hard

"express-serve-static-core@npm:0.1.1":
  version: 0.1.1
  resolution: "express-serve-static-core@npm:0.1.1"
  checksum: cdae279a4bfa196594840770c9838cec2e6353177e1f4a9cecae783a5b38bbf4f3e3b07407054fec940781660644feaa6e1e9611650f7899efc9e08176a34a32
  languageName: node
  linkType: hard

"follow-redirects@npm:^1.10.0":
  version: 1.13.1
  resolution: "follow-redirects@npm:1.13.1"
  peerDependenciesMeta:
    debug:
      optional: true
  checksum: c7c6c905876b939af04a1b27afa70e9c0ab5015d96f5ee49dd80db6952dc8c960b96a229647504468615d8a1a400da9bec9449e2aea9f9c6da6fdca0ba17d4c2
  languageName: node
  linkType: hard

"json-schema@npm:^0.2.5":
  version: 0.2.5
  resolution: "json-schema@npm:0.2.5"
  checksum: 553d8f98467d27b7a15445e1b21b0edc1ab3fc374b80f3f659b672b65cf132a4854b6d676625f221d80340aa922cd37c0cff1ad3ad5389474f4a5c1079d2c97b
  languageName: node
  linkType: hard

"mockRemotePublish@workspace:.":
  version: 0.0.0-use.local
  resolution: "mockRemotePublish@workspace:."
  dependencies:
    "@botframework-composer/types": "file:../../Composer/packages/types"
    "@types/node": ^14.11.8
    "@types/uuid": ^7.0.2
    uuid: ^7.0.1
  languageName: unknown
  linkType: soft

"uuid@npm:^7.0.1":
  version: 7.0.1
  resolution: "uuid@npm:7.0.1"
  bin:
    uuid: dist/bin/uuid
  checksum: 3a7738aca617766b9f137cacdcf7ced0a92d4a34a2b379d2f46b7bef9498cf87bea58e4e8ca38475cb4c20ce0d4405e5a664def4ef8c0c936852c00d5571582f
  languageName: node
  linkType: hard
