# THIS IS AN AUTOGENERATED FILE. DO NOT EDIT THIS FILE DIRECTLY.
# yarn lockfile v1


"@botframework-composer/types@file:../../Composer/packages/types":
  version "0.0.2"
  dependencies:
    "@types/express" "4.16.1"
    "@types/passport" "^1.0.4"
    axios "^0.21.1"
    botframework-schema "^4.11.1"
    express-serve-static-core "0.1.1"
    json-schema "^0.2.5"
    tslib "2.0.3"

"@types/body-parser@*":
  version "1.19.0"
  resolved "https://registry.yarnpkg.com/@types/body-parser/-/body-parser-1.19.0.tgz#0685b3c47eb3006ffed117cdd55164b61f80538f"
  integrity sha512-W98JrE0j2K78swW4ukqMleo8R7h/pFETjM2DQ90MF6XK2i4LO4W3gQ71Lt4w3bfm2EvVSyWHplECvB5sK22yFQ==
  dependencies:
    "@types/connect" "*"
    "@types/node" "*"

"@types/connect@*":
  version "3.4.33"
  resolved "https://registry.yarnpkg.com/@types/connect/-/connect-3.4.33.tgz#31610c901eca573b8713c3330abc6e6b9f588546"
  integrity sha512-2+FrkXY4zllzTNfJth7jOqEHC+enpLeGslEhpnTAkg21GkRrWV4SsAtqchtT4YS9/nODBU2/ZfsBY2X4J/dX7A==
  dependencies:
    "@types/node" "*"

"@types/express-serve-static-core@*":
  version "4.17.13"
  resolved "https://registry.yarnpkg.com/@types/express-serve-static-core/-/express-serve-static-core-4.17.13.tgz#d9af025e925fc8b089be37423b8d1eac781be084"
  integrity sha512-RgDi5a4nuzam073lRGKTUIaL3eF2+H7LJvJ8eUnCI0wA6SNjXc44DCmWNiTLs/AZ7QlsFWZiw/gTG3nSQGL0fA==
  dependencies:
    "@types/node" "*"
    "@types/qs" "*"
    "@types/range-parser" "*"

"@types/express@*":
  version "4.17.8"
  resolved "https://registry.yarnpkg.com/@types/express/-/express-4.17.8.tgz#3df4293293317e61c60137d273a2e96cd8d5f27a"
  integrity sha512-wLhcKh3PMlyA2cNAB9sjM1BntnhPMiM0JOBwPBqttjHev2428MLEB4AYVN+d8s2iyCVZac+o41Pflm/ZH5vLXQ==
  dependencies:
    "@types/body-parser" "*"
    "@types/express-serve-static-core" "*"
    "@types/qs" "*"
    "@types/serve-static" "*"

"@types/express@4.16.1":
  version "4.16.1"
  resolved "https://registry.yarnpkg.com/@types/express/-/express-4.16.1.tgz#d756bd1a85c34d87eaf44c888bad27ba8a4b7cf0"
  integrity sha512-V0clmJow23WeyblmACoxbHBu2JKlE5TiIme6Lem14FnPW9gsttyHtk6wq7njcdIWH1njAaFgR8gW09lgY98gQg==
  dependencies:
    "@types/body-parser" "*"
    "@types/express-serve-static-core" "*"
    "@types/serve-static" "*"

"@types/mime@*":
  version "2.0.3"
  resolved "https://registry.yarnpkg.com/@types/mime/-/mime-2.0.3.tgz#c893b73721db73699943bfc3653b1deb7faa4a3a"
  integrity sha512-Jus9s4CDbqwocc5pOAnh8ShfrnMcPHuJYzVcSUU7lrh8Ni5HuIqX3oilL86p3dlTrk0LzHRCgA/GQ7uNCw6l2Q==

"@types/node@*":
  version "14.14.2"
  resolved "https://registry.yarnpkg.com/@types/node/-/node-14.14.2.tgz#d25295f9e4ca5989a2c610754dc02a9721235eeb"
  integrity sha512-jeYJU2kl7hL9U5xuI/BhKPZ4vqGM/OmK6whiFAXVhlstzZhVamWhDSmHyGLIp+RVyuF9/d0dqr2P85aFj4BvJg==

"@types/node@^14.11.8":
  version "14.11.8"
  resolved "https://registry.yarnpkg.com/@types/node/-/node-14.11.8.tgz#fe2012f2355e4ce08bca44aeb3abbb21cf88d33f"
  integrity sha512-KPcKqKm5UKDkaYPTuXSx8wEP7vE9GnuaXIZKijwRYcePpZFDVuy2a57LarFKiORbHOuTOOwYzxVxcUzsh2P2Pw==

"@types/passport@^1.0.4":
  version "1.0.5"
  resolved "https://registry.yarnpkg.com/@types/passport/-/passport-1.0.5.tgz#1ff54ec3e30fa6480c5e8b8de949c6dc40ddfa2a"
  integrity sha512-wNL4kT/5rnZgyGkqX7V2qH/R/te+bklv+nXcvHzyX99vNggx9DGN+F8CEOW3P/gRi7Cjm991uidRgTHsYkSuMg==
  dependencies:
    "@types/express" "*"

"@types/qs@*":
  version "6.9.5"
  resolved "https://registry.yarnpkg.com/@types/qs/-/qs-6.9.5.tgz#434711bdd49eb5ee69d90c1d67c354a9a8ecb18b"
  integrity sha512-/JHkVHtx/REVG0VVToGRGH2+23hsYLHdyG+GrvoUGlGAd0ErauXDyvHtRI/7H7mzLm+tBCKA7pfcpkQ1lf58iQ==

"@types/range-parser@*":
  version "1.2.3"
  resolved "https://registry.yarnpkg.com/@types/range-parser/-/range-parser-1.2.3.tgz#7ee330ba7caafb98090bece86a5ee44115904c2c"
  integrity sha512-ewFXqrQHlFsgc09MK5jP5iR7vumV/BYayNC6PgJO2LPe8vrnNFyjQjSppfEngITi0qvfKtzFvgKymGheFM9UOA==

"@types/serve-static@*":
  version "1.13.6"
  resolved "https://registry.yarnpkg.com/@types/serve-static/-/serve-static-1.13.6.tgz#866b1b8dec41c36e28c7be40ac725b88be43c5c1"
  integrity sha512-nuRJmv7jW7VmCVTn+IgYDkkbbDGyIINOeu/G0d74X3lm6E5KfMeQPJhxIt1ayQeQB3cSxvYs1RA/wipYoFB4EA==
  dependencies:
    "@types/mime" "*"
    "@types/node" "*"

"@types/uuid@^7.0.2":
  version "7.0.3"
  resolved "https://registry.yarnpkg.com/@types/uuid/-/uuid-7.0.3.tgz#45cd03e98e758f8581c79c535afbd4fc27ba7ac8"
  integrity sha512-PUdqTZVrNYTNcIhLHkiaYzoOIaUi5LFg/XLerAdgvwQrUCx+oSbtoBze1AMyvYbcwzUSNC+Isl58SM4Sm/6COw==

axios@^0.21.1:
  version "0.21.4"
  resolved "https://registry.yarnpkg.com/axios/-/axios-0.21.4.tgz#c67b90dc0568e5c1cf2b0b858c43ba28e2eda575"
  integrity sha512-ut5vewkiu8jjGBdqpM44XxjuCjq9LAKeHVmoVfHVzy8eHgxxq8SbAVQNovDA8mVi05kP0Ea/n/UzcSHcTJQfNg==
  dependencies:
    follow-redirects "^1.14.0"

botframework-schema@^4.11.1:
  version "4.16.0"
  resolved "https://registry.yarnpkg.com/botframework-schema/-/botframework-schema-4.16.0.tgz#c471782bfd7c388fb18823d2bd1c910d4aadaddf"
  integrity sha512-WdjmaRalazO7PT8K0BmEaDbIM1rvgPLuRFepsO6Pk8NVztj/zdm2mR5E450NfaKFV7ASLLtMtiMC3Dte/QgD1w==
  dependencies:
    uuid "^8.3.2"
    zod "~1.11.17"

express-serve-static-core@0.1.1:
  version "0.1.1"
  resolved "https://registry.yarnpkg.com/express-serve-static-core/-/express-serve-static-core-0.1.1.tgz#222358112a79bc9fbe00838232e8cd2e3132ef37"
  integrity sha1-IiNYESp5vJ++AIOCMujNLjEy7zc=

follow-redirects@^1.14.0:
  version "1.15.1"
  resolved "https://registry.yarnpkg.com/follow-redirects/-/follow-redirects-1.15.1.tgz#0ca6a452306c9b276e4d3127483e29575e207ad5"
  integrity sha512-yLAMQs+k0b2m7cVxpS1VKJVvoz7SS9Td1zss3XRwXj+ZDH00RJgnuLx7E44wx02kQLrdM3aOOy+FpzS7+8OizA==

json-schema@^0.2.5:
  version "0.2.5"
  resolved "https://registry.yarnpkg.com/json-schema/-/json-schema-0.2.5.tgz#97997f50972dd0500214e208c407efa4b5d7063b"
  integrity sha512-gWJOWYFrhQ8j7pVm0EM8Slr+EPVq1Phf6lvzvD/WCeqkrx/f2xBI0xOsRRS9xCn3I4vKtP519dvs3TP09r24wQ==

tslib@2.0.3:
  version "2.0.3"
  resolved "https://registry.yarnpkg.com/tslib/-/tslib-2.0.3.tgz#8e0741ac45fc0c226e58a17bfc3e64b9bc6ca61c"
  integrity sha512-uZtkfKblCEQtZKBF6EBXVZeQNl82yqtDQdv+eck8u7tdPxjLu2/lp5/uPW+um2tpuxINHWy3GhiccY7QgEaVHQ==

uuid@^7.0.1:
  version "7.0.1"
  resolved "https://registry.yarnpkg.com/uuid/-/uuid-7.0.1.tgz#95ed6ff3d8c881cbf85f0f05cc3915ef994818ef"
  integrity sha512-yqjRXZzSJm9Dbl84H2VDHpM3zMjzSJQ+hn6C4zqd5ilW+7P4ZmLEEqwho9LjP+tGuZlF4xrHQXT0h9QZUS/pWA==

uuid@^8.3.2:
  version "8.3.2"
  resolved "https://registry.yarnpkg.com/uuid/-/uuid-8.3.2.tgz#80d5b5ced271bb9af6c445f21a1a04c606cefbe2"
  integrity sha512-+NYs2QeMWy+GWFOEm9xnn6HCDp0l7QBD7ml8zLUmJ+93Q5NF0NocErnwkTkXVFNiX3/fpC6afS8Dhb/gz7R7eg==

zod@~1.11.17:
  version "1.11.17"
  resolved "https://registry.yarnpkg.com/zod/-/zod-1.11.17.tgz#2aae9e91fc66128116ae9844e8f416a95f453f8e"
  integrity sha512-UzIwO92D0dSFwIRyyqAfRXICITLjF0IP8tRbEK/un7adirMssWZx8xF/1hZNE7t61knWZ+lhEuUvxlu2MO8qqA==
