# This file is generated by running "yarn install" inside your project.
# Manual changes might be lost - proceed with caution!

__metadata:
  version: 6
  cacheKey: 8

"@botframework-composer/types@file:../../Composer/packages/types::locator=mockRemotePublish%40workspace%3A.":
  version: 0.0.2
  resolution: "@botframework-composer/types@file:../../Composer/packages/types#../../Composer/packages/types::hash=bcc35b&locator=mockRemotePublish%40workspace%3A."
  dependencies:
    "@types/express": 4.16.1
    "@types/passport": ^1.0.4
    axios: ^0.21.1
    botframework-schema: ^4.11.1
    express-serve-static-core: 0.1.1
    json-schema: ^0.2.5
    tslib: 2.4.0
  checksum: 3acb867f0bf139e5195181c3752b7fc2f5b05ec8bdd6545449dce07c6d5ee5d15cb2afd2231fc80ca7c8bd83efa82735681345f1b85387dbb22acbe2d35eb94f
  languageName: node
  linkType: hard

"@types/body-parser@npm:*":
  version: 1.19.2
  resolution: "@types/body-parser@npm:1.19.2"
  dependencies:
    "@types/connect": "*"
    "@types/node": "*"
  checksum: e17840c7d747a549f00aebe72c89313d09fbc4b632b949b2470c5cb3b1cb73863901ae84d9335b567a79ec5efcfb8a28ff8e3f36bc8748a9686756b6d5681f40
  languageName: node
  linkType: hard

"@types/connect@npm:*":
  version: 3.4.35
  resolution: "@types/connect@npm:3.4.35"
  dependencies:
    "@types/node": "*"
  checksum: fe81351470f2d3165e8b12ce33542eef89ea893e36dd62e8f7d72566dfb7e448376ae962f9f3ea888547ce8b55a40020ca0e01d637fab5d99567673084542641
  languageName: node
  linkType: hard

"@types/express-serve-static-core@npm:*, @types/express-serve-static-core@npm:^4.17.18":
  version: 4.17.28
  resolution: "@types/express-serve-static-core@npm:4.17.28"
  dependencies:
    "@types/node": "*"
    "@types/qs": "*"
    "@types/range-parser": "*"
  checksum: 826489811a5b371c10f02443b4ca894ffc05813bfdf2b60c224f5c18ac9a30a2e518cb9ef9fdfcaa2a1bb17f8bfa4ed1859ccdb252e879c9276271b4ee2df5a9
  languageName: node
  linkType: hard

"@types/express@npm:*":
  version: 4.17.13
  resolution: "@types/express@npm:4.17.13"
  dependencies:
    "@types/body-parser": "*"
    "@types/express-serve-static-core": ^4.17.18
    "@types/qs": "*"
    "@types/serve-static": "*"
  checksum: 12a2a0e6c4b993fc0854bec665906788aea0d8ee4392389d7a98a5de1eefdd33c9e1e40a91f3afd274011119c506f7b4126acb97fae62ae20b654974d44cba12
  languageName: node
  linkType: hard

"@types/express@npm:4.16.1":
  version: 4.16.1
  resolution: "@types/express@npm:4.16.1"
  dependencies:
    "@types/body-parser": "*"
    "@types/express-serve-static-core": "*"
    "@types/serve-static": "*"
  checksum: 8d977094bd4820c34bbb2c896dcf12a91feb263859514aa079bdaa86f9048d53803ef7dce3641e6a48bb466f60fb3cb340de834d8656aeea8edc83c15996a236
  languageName: node
  linkType: hard

"@types/mime@npm:^1":
  version: 1.3.2
  resolution: "@types/mime@npm:1.3.2"
  checksum: 0493368244cced1a69cb791b485a260a422e6fcc857782e1178d1e6f219f1b161793e9f87f5fae1b219af0f50bee24fcbe733a18b4be8fdd07a38a8fb91146fd
  languageName: node
  linkType: hard

"@types/node@npm:*":
  version: 17.0.10
  resolution: "@types/node@npm:17.0.10"
  checksum: 979e83d642a2b4f18fa1a4233f884822c05abc7acd0836024aa964187f8446432b21f7913e72fe2b3927c4a811c27a0b6cd60ac7c4ac6a6762cfbab70782aa6a
  languageName: node
  linkType: hard

"@types/node@npm:^14.11.8":
  version: 14.18.9
  resolution: "@types/node@npm:14.18.9"
  checksum: a85dae901b5c3b318747e66f2228c0f0778bcd73430a01d7c42814c04ba1070f2817b865d0c5f0c1813b89afeebb34d19cf2662252bae9dc0c18d3ad23fc98c3
  languageName: node
  linkType: hard

"@types/passport@npm:^1.0.4":
  version: 1.0.7
  resolution: "@types/passport@npm:1.0.7"
  dependencies:
    "@types/express": "*"
  checksum: 1b78fbbb589774a2d9794449e039d590c21fefd6b3f0a5cc911e2a79bac85f363121cfdc330d15840879abeb4fb2d68d521111e595bded0f5dc4356bf8dba3ec
  languageName: node
  linkType: hard

"@types/qs@npm:*":
  version: 6.9.7
  resolution: "@types/qs@npm:6.9.7"
  checksum: 7fd6f9c25053e9b5bb6bc9f9f76c1d89e6c04f7707a7ba0e44cc01f17ef5284adb82f230f542c2d5557d69407c9a40f0f3515e8319afd14e1e16b5543ac6cdba
  languageName: node
  linkType: hard

"@types/range-parser@npm:*":
  version: 1.2.4
  resolution: "@types/range-parser@npm:1.2.4"
  checksum: b7c0dfd5080a989d6c8bb0b6750fc0933d9acabeb476da6fe71d8bdf1ab65e37c136169d84148034802f48378ab94e3c37bb4ef7656b2bec2cb9c0f8d4146a95
  languageName: node
  linkType: hard

"@types/serve-static@npm:*":
  version: 1.13.10
  resolution: "@types/serve-static@npm:1.13.10"
  dependencies:
    "@types/mime": ^1
    "@types/node": "*"
  checksum: eaca858739483e3ded254cad7d7a679dc2c8b3f52c8bb0cd845b3b7eb1984bde0371fdcb0a5c83aa12e6daf61b6beb762545021f520f08a1fe882a3fa4ea5554
  languageName: node
  linkType: hard

"@types/uuid@npm:^7.0.2":
  version: 7.0.5
  resolution: "@types/uuid@npm:7.0.5"
  checksum: 30637d2cd40069ba8dfb2b70d3139b00ae576aa43f042d88039a7b0ce7dd5b3dbff1668844849a469cb00f7d42178dbb79c3ca74b62cf42629dca67952a2593d
  languageName: node
  linkType: hard

"axios@npm:^0.21.1":
  version: 0.21.4
  resolution: "axios@npm:0.21.4"
  dependencies:
    follow-redirects: ^1.14.0
  checksum: 44245f24ac971e7458f3120c92f9d66d1fc695e8b97019139de5b0cc65d9b8104647db01e5f46917728edfc0cfd88eb30fc4c55e6053eef4ace76768ce95ff3c
  languageName: node
  linkType: hard

"botframework-schema@npm:^4.11.1":
  version: 4.15.0
  resolution: "botframework-schema@npm:4.15.0"
  dependencies:
    uuid: ^8.3.2
    zod: ~1.11.17
  checksum: 551d5eab99c32a30063a926485e78b546225aea047e72b2e54e66d330b550fd8e66c81a4e0241583a0038ff95ee7349f02b492ab8dbe3089a7cb06b29a61f6ee
  languageName: node
  linkType: hard

"express-serve-static-core@npm:0.1.1":
  version: 0.1.1
  resolution: "express-serve-static-core@npm:0.1.1"
  checksum: 0f387ae5c12f51b9e843ade07bd412b4a0cbe23bbd5e95e047e45f4b3e1a6aa6bee53f765b039441f93110401221ec23a533844dce3e4f118e38cda5ed3dba0a
  languageName: node
  linkType: hard

"follow-redirects@npm:^1.14.0":
  version: 1.14.7
  resolution: "follow-redirects@npm:1.14.7"
  peerDependenciesMeta:
    debug:
      optional: true
  checksum: f6d03e5e30877431065bca0d1b2e3db93949eb799d368a5c07ea8a4b71205f0349a3f8f0191bf13a07c93885522834dca1dc8e527dc99a772c6911fba24edc5f
  languageName: node
  linkType: hard

"json-schema@npm:^0.2.5":
  version: 0.2.5
  resolution: "json-schema@npm:0.2.5"
  checksum: 54871525a19997c824d98916fbbef3cb190638c62e5945412785f3c6d90faae7bfff5a1935355a51b979497a7e059a2013eab4a6de144097b9fa80a5be920fb3
  languageName: node
  linkType: hard

"mockRemotePublish@workspace:.":
  version: 0.0.0-use.local
  resolution: "mockRemotePublish@workspace:."
  dependencies:
    "@botframework-composer/types": "file:../../Composer/packages/types"
    "@types/node": ^14.11.8
    "@types/uuid": ^7.0.2
    uuid: ^7.0.1
  languageName: unknown
  linkType: soft

"tslib@npm:2.4.0":
  version: 2.4.0
  resolution: "tslib@npm:2.4.0"
  checksum: 8c4aa6a3c5a754bf76aefc38026134180c053b7bd2f81338cb5e5ebf96fefa0f417bff221592bf801077f5bf990562f6264fecbc42cd3309b33872cb6fc3b113
  languageName: node
  linkType: hard

"uuid@npm:^7.0.1":
  version: 7.0.3
  resolution: "uuid@npm:7.0.3"
  bin:
    uuid: dist/bin/uuid
  checksum: f5b7b5cc28accac68d5c083fd51cca64896639ebd4cca88c6cfb363801aaa83aa439c86dfc8446ea250a7a98d17afd2ad9e88d9d4958c79a412eccb93bae29de
  languageName: node
  linkType: hard

"uuid@npm:^8.3.2":
  version: 8.3.2
  resolution: "uuid@npm:8.3.2"
  bin:
    uuid: dist/bin/uuid
  checksum: 5575a8a75c13120e2f10e6ddc801b2c7ed7d8f3c8ac22c7ed0c7b2ba6383ec0abda88c905085d630e251719e0777045ae3236f04c812184b7c765f63a70e58df
  languageName: node
  linkType: hard

"zod@npm:~1.11.17":
  version: 1.11.17
  resolution: "zod@npm:1.11.17"
  checksum: e07764a8a2fba195a4ec0ed9e66cee20e651ee1d9e533e5f48956de1ded6c6bcf80f63fed4a2bdb67de40a1300399edc9ee2095ee382c67d85745e3b0ccd14ca
  languageName: node
  linkType: hard
