{
  "name": "localpublish",
  "version": "1.0.0",
  "lockfileVersion": 1,
  "requires": true,
  "dependencies": {
    "adm-zip": {
      "version": "0.4.14",
      "resolved": "https://registry.npmjs.org/adm-zip/-/adm-zip-0.4.14.tgz",
      "integrity": "sha512-/9aQCnQHF+0IiCl0qhXoK7qs//SwYE7zX8lsr/DNk1BRAHYxeLZPL4pguwK29gUEqasYQjqPtEpDRSWEkdHn9g=="
    },
    "uuid": {
      "version": "7.0.1",
      "resolved": "https://registry.npmjs.org/uuid/-/uuid-7.0.1.tgz",
      "integrity": "sha512-yqjRXZzSJm9Dbl84H2VDHpM3zMjzSJQ+hn6C4zqd5ilW+7P4ZmLEEqwho9LjP+tGuZlF4xrHQXT0h9QZUS/pWA=="
    }
  }
}
