# This file is generated by running "yarn install" inside your project.
# Manual changes might be lost - proceed with caution!

__metadata:
  version: 6
  cacheKey: 8

"@gar/promisify@npm:^1.0.1":
  version: 1.1.2
  resolution: "@gar/promisify@npm:1.1.2"
  checksum: d05081e0887a49c178b75ee3067bd6ee086f73c154d121b854fb2e044e8a89cb1cbb6de3a0dd93a519b80f0531fda68b099dd7256205f7fbb3490324342f2217
  languageName: node
  linkType: hard

"@npmcli/fs@npm:^1.0.0":
  version: 1.1.0
  resolution: "@npmcli/fs@npm:1.1.0"
  dependencies:
    "@gar/promisify": ^1.0.1
    semver: ^7.3.5
  checksum: e435b883b4f8da8c95a820f458cabb7d86582406eed5ad79fc689000d3e2df17e1f475c4903627272c001357cabc70d8b4c62520cbdae8cfab1dfdd51949f408
  languageName: node
  linkType: hard

"@npmcli/move-file@npm:^1.0.1":
  version: 1.1.2
  resolution: "@npmcli/move-file@npm:1.1.2"
  dependencies:
    mkdirp: ^1.0.4
    rimraf: ^3.0.2
  checksum: c96381d4a37448ea280951e46233f7e541058cf57a57d4094dd4bdcaae43fa5872b5f2eb6bfb004591a68e29c5877abe3cdc210cb3588cbf20ab2877f31a7de7
  languageName: node
  linkType: hard

"@tootallnate/once@npm:1":
  version: 1.1.2
  resolution: "@tootallnate/once@npm:1.1.2"
  checksum: e1fb1bbbc12089a0cb9433dc290f97bddd062deadb6178ce9bcb93bb7c1aecde5e60184bc7065aec42fe1663622a213493c48bbd4972d931aae48315f18e1be9
  languageName: node
  linkType: hard

"@types/mongodb@npm:4.0.7":
  version: 4.0.7
  resolution: "@types/mongodb@npm:4.0.7"
  dependencies:
    mongodb: "*"
  checksum: 10ebdfed5beaeb9354adcaded3ff31a0597eec96d665155bf029fdf81384534cc054ffd4f3a431911e55055cea8dcea6233b2265d6d90f45fe233fd59a31bd56
  languageName: node
  linkType: hard

"@types/mongoose@npm:5.11.97":
  version: 5.11.97
  resolution: "@types/mongoose@npm:5.11.97"
  dependencies:
    mongoose: "*"
  checksum: 54c896814a92898535eb8965f90308f2661b75f4a53e28405802fbe9f90ba7d37140f151b1e291e08555a1700d3486911104c108ed02a94c6feddeab6bd3bfea
  languageName: node
  linkType: hard

"@types/node@npm:*":
  version: 17.0.10
  resolution: "@types/node@npm:17.0.10"
  checksum: 979e83d642a2b4f18fa1a4233f884822c05abc7acd0836024aa964187f8446432b21f7913e72fe2b3927c4a811c27a0b6cd60ac7c4ac6a6762cfbab70782aa6a
  languageName: node
  linkType: hard

"@types/node@npm:< 17.0.6":
  version: 17.0.5
  resolution: "@types/node@npm:17.0.5"
  checksum: 105535e78722515c26cfdc1b0cbf1b19f55fe53b814e2e90d8b1e653bc63136d4760c7efc102eca111c6d124a291e37d60d761d569a3f4afb3fba05bad5d9ade
  languageName: node
  linkType: hard

"@types/webidl-conversions@npm:*":
  version: 6.1.1
  resolution: "@types/webidl-conversions@npm:6.1.1"
  checksum: bd0faad4dfec232010d96a42fbd7b5ac4df557899050a6676a75d30ced8553f19e5a3c747fd2b4317f2810d4cf5d2d6dd47ad22ecfb9e6b21119aba678b8897f
  languageName: node
  linkType: hard

"@types/whatwg-url@npm:^8.2.1":
  version: 8.2.1
  resolution: "@types/whatwg-url@npm:8.2.1"
  dependencies:
    "@types/node": "*"
    "@types/webidl-conversions": "*"
  checksum: 975987a9ca14a8d5a883523acb4fa0df7760cd8ca8dee56cd57753821e56060bfbead94df84f4504fe0b4270776d81cbb40fcd1f8643dab86da3a9abe926fb5c
  languageName: node
  linkType: hard

"abbrev@npm:1":
  version: 1.1.1
  resolution: "abbrev@npm:1.1.1"
  checksum: a4a97ec07d7ea112c517036882b2ac22f3109b7b19077dc656316d07d308438aac28e4d9746dc4d84bf6b1e75b4a7b0a5f3cb30592419f128ca9a8cee3bcfa17
  languageName: node
  linkType: hard

"agent-base@npm:6, agent-base@npm:^6.0.2":
  version: 6.0.2
  resolution: "agent-base@npm:6.0.2"
  dependencies:
    debug: 4
  checksum: f52b6872cc96fd5f622071b71ef200e01c7c4c454ee68bc9accca90c98cfb39f2810e3e9aa330435835eedc8c23f4f8a15267f67c6e245d2b33757575bdac49d
  languageName: node
  linkType: hard

"agentkeepalive@npm:^4.1.3":
  version: 4.2.0
  resolution: "agentkeepalive@npm:4.2.0"
  dependencies:
    debug: ^4.1.0
    depd: ^1.1.2
    humanize-ms: ^1.2.1
  checksum: 89806f83ceebbcaabf6bd581a8dce4870910fd2a11f66df8f505b4cd4ce4ca5ab9e6eec8d11ce8531a6b60f6748b75b0775e0e2fa33871503ef00d535418a19a
  languageName: node
  linkType: hard

"aggregate-error@npm:^3.0.0":
  version: 3.1.0
  resolution: "aggregate-error@npm:3.1.0"
  dependencies:
    clean-stack: ^2.0.0
    indent-string: ^4.0.0
  checksum: 1101a33f21baa27a2fa8e04b698271e64616b886795fd43c31068c07533c7b3facfcaf4e9e0cab3624bd88f729a592f1c901a1a229c9e490eafce411a8644b79
  languageName: node
  linkType: hard

"ansi-regex@npm:^5.0.1":
  version: 5.0.1
  resolution: "ansi-regex@npm:5.0.1"
  checksum: 2aa4bb54caf2d622f1afdad09441695af2a83aa3fe8b8afa581d205e57ed4261c183c4d3877cee25794443fde5876417d859c108078ab788d6af7e4fe52eb66b
  languageName: node
  linkType: hard

"aproba@npm:^1.0.3 || ^2.0.0":
  version: 2.0.0
  resolution: "aproba@npm:2.0.0"
  checksum: 5615cadcfb45289eea63f8afd064ab656006361020e1735112e346593856f87435e02d8dcc7ff0d11928bc7d425f27bc7c2a84f6c0b35ab0ff659c814c138a24
  languageName: node
  linkType: hard

"are-we-there-yet@npm:^2.0.0":
  version: 2.0.0
  resolution: "are-we-there-yet@npm:2.0.0"
  dependencies:
    delegates: ^1.0.0
    readable-stream: ^3.6.0
  checksum: 6c80b4fd04ecee6ba6e737e0b72a4b41bdc64b7d279edfc998678567ff583c8df27e27523bc789f2c99be603ffa9eaa612803da1d886962d2086e7ff6fa90c7c
  languageName: node
  linkType: hard

"balanced-match@npm:^1.0.0":
  version: 1.0.2
  resolution: "balanced-match@npm:1.0.2"
  checksum: 9706c088a283058a8a99e0bf91b0a2f75497f185980d9ffa8b304de1d9e58ebda7c72c07ebf01dadedaac5b2907b2c6f566f660d62bd336c3468e960403b9d65
  languageName: node
  linkType: hard

"base64-js@npm:^1.3.1":
  version: 1.5.1
  resolution: "base64-js@npm:1.5.1"
  checksum: 669632eb3745404c2f822a18fc3a0122d2f9a7a13f7fb8b5823ee19d1d2ff9ee5b52c53367176ea4ad093c332fd5ab4bd0ebae5a8e27917a4105a4cfc86b1005
  languageName: node
  linkType: hard

"bindings@npm:^1.5.0":
  version: 1.5.0
  resolution: "bindings@npm:1.5.0"
  dependencies:
    file-uri-to-path: 1.0.0
  checksum: 65b6b48095717c2e6105a021a7da4ea435aa8d3d3cd085cb9e85bcb6e5773cf318c4745c3f7c504412855940b585bdf9b918236612a1c7a7942491de176f1ae7
  languageName: node
  linkType: hard

"bl@npm:^4.0.3":
  version: 4.1.0
  resolution: "bl@npm:4.1.0"
  dependencies:
    buffer: ^5.5.0
    inherits: ^2.0.4
    readable-stream: ^3.4.0
  checksum: 9e8521fa7e83aa9427c6f8ccdcba6e8167ef30cc9a22df26effcc5ab682ef91d2cbc23a239f945d099289e4bbcfae7a192e9c28c84c6202e710a0dfec3722662
  languageName: node
  linkType: hard

"brace-expansion@npm:^1.1.7":
  version: 1.1.11
  resolution: "brace-expansion@npm:1.1.11"
  dependencies:
    balanced-match: ^1.0.0
    concat-map: 0.0.1
  checksum: faf34a7bb0c3fcf4b59c7808bc5d2a96a40988addf2e7e09dfbb67a2251800e0d14cd2bfc1aa79174f2f5095c54ff27f46fb1289fe2d77dac755b5eb3434cc07
  languageName: node
  linkType: hard

"bson@npm:^4.2.2, bson@npm:^4.6.0":
  version: 4.6.1
  resolution: "bson@npm:4.6.1"
  dependencies:
    buffer: ^5.6.0
  checksum: 32c38400b0c5f85cf22c28b9f9bbc63b3c090c23a749a8c159db975f225161a7fe776f8a18ed1da3f58a9e7496ce2b7935753e9471f17c614bf02ebab145e052
  languageName: node
  linkType: hard

"bson@npm:^4.6.2, bson@npm:^4.6.3":
  version: 4.6.4
  resolution: "bson@npm:4.6.4"
  dependencies:
    buffer: ^5.6.0
  checksum: f56375865c8fc048179075296019a0d2e058edbbb6692e54e2751da738840968de678a48a2276faf2ec8f8b36c5c26f14670ab4d414fe68f0169215efe15d570
  languageName: node
  linkType: hard

"buffer@npm:^5.5.0, buffer@npm:^5.6.0":
  version: 5.7.1
  resolution: "buffer@npm:5.7.1"
  dependencies:
    base64-js: ^1.3.1
    ieee754: ^1.1.13
  checksum: e2cf8429e1c4c7b8cbd30834ac09bd61da46ce35f5c22a78e6c2f04497d6d25541b16881e30a019c6fd3154150650ccee27a308eff3e26229d788bbdeb08ab84
  languageName: node
  linkType: hard

"cacache@npm:^15.2.0":
  version: 15.3.0
  resolution: "cacache@npm:15.3.0"
  dependencies:
    "@npmcli/fs": ^1.0.0
    "@npmcli/move-file": ^1.0.1
    chownr: ^2.0.0
    fs-minipass: ^2.0.0
    glob: ^7.1.4
    infer-owner: ^1.0.4
    lru-cache: ^6.0.0
    minipass: ^3.1.1
    minipass-collect: ^1.0.2
    minipass-flush: ^1.0.5
    minipass-pipeline: ^1.2.2
    mkdirp: ^1.0.3
    p-map: ^4.0.0
    promise-inflight: ^1.0.1
    rimraf: ^3.0.2
    ssri: ^8.0.1
    tar: ^6.0.2
    unique-filename: ^1.1.1
  checksum: a07327c27a4152c04eb0a831c63c00390d90f94d51bb80624a66f4e14a6b6360bbf02a84421267bd4d00ca73ac9773287d8d7169e8d2eafe378d2ce140579db8
  languageName: node
  linkType: hard

"chownr@npm:^1.1.1":
  version: 1.1.4
  resolution: "chownr@npm:1.1.4"
  checksum: 115648f8eb38bac5e41c3857f3e663f9c39ed6480d1349977c4d96c95a47266fcacc5a5aabf3cb6c481e22d72f41992827db47301851766c4fd77ac21a4f081d
  languageName: node
  linkType: hard

"chownr@npm:^2.0.0":
  version: 2.0.0
  resolution: "chownr@npm:2.0.0"
  checksum: c57cf9dd0791e2f18a5ee9c1a299ae6e801ff58fee96dc8bfd0dcb4738a6ce58dd252a3605b1c93c6418fe4f9d5093b28ffbf4d66648cb2a9c67eaef9679be2f
  languageName: node
  linkType: hard

"clean-stack@npm:^2.0.0":
  version: 2.2.0
  resolution: "clean-stack@npm:2.2.0"
  checksum: 2ac8cd2b2f5ec986a3c743935ec85b07bc174d5421a5efc8017e1f146a1cf5f781ae962618f416352103b32c9cd7e203276e8c28241bbe946160cab16149fb68
  languageName: node
  linkType: hard

"color-support@npm:^1.1.2":
  version: 1.1.3
  resolution: "color-support@npm:1.1.3"
  bin:
    color-support: bin.js
  checksum: 9b7356817670b9a13a26ca5af1c21615463b500783b739b7634a0c2047c16cef4b2865d7576875c31c3cddf9dd621fa19285e628f20198b233a5cfdda6d0793b
  languageName: node
  linkType: hard

"concat-map@npm:0.0.1":
  version: 0.0.1
  resolution: "concat-map@npm:0.0.1"
  checksum: 902a9f5d8967a3e2faf138d5cb784b9979bad2e6db5357c5b21c568df4ebe62bcb15108af1b2253744844eb964fc023fbd9afbbbb6ddd0bcc204c6fb5b7bf3af
  languageName: node
  linkType: hard

"console-control-strings@npm:^1.0.0, console-control-strings@npm:^1.1.0":
  version: 1.1.0
  resolution: "console-control-strings@npm:1.1.0"
  checksum: 8755d76787f94e6cf79ce4666f0c5519906d7f5b02d4b884cf41e11dcd759ed69c57da0670afd9236d229a46e0f9cf519db0cd829c6dca820bb5a5c3def584ed
  languageName: node
  linkType: hard

"debug@npm:4, debug@npm:4.x, debug@npm:^4.1.0, debug@npm:^4.3.1":
  version: 4.3.3
  resolution: "debug@npm:4.3.3"
  dependencies:
    ms: 2.1.2
  peerDependenciesMeta:
    supports-color:
      optional: true
  checksum: 14472d56fe4a94dbcfaa6dbed2dd3849f1d72ba78104a1a328047bb564643ca49df0224c3a17fa63533fd11dd3d4c8636cd861191232a2c6735af00cc2d4de16
  languageName: node
  linkType: hard

"decompress-response@npm:^6.0.0":
  version: 6.0.0
  resolution: "decompress-response@npm:6.0.0"
  dependencies:
    mimic-response: ^3.1.0
  checksum: d377cf47e02d805e283866c3f50d3d21578b779731e8c5072d6ce8c13cc31493db1c2f6784da9d1d5250822120cefa44f1deab112d5981015f2e17444b763812
  languageName: node
  linkType: hard

"deep-extend@npm:^0.6.0":
  version: 0.6.0
  resolution: "deep-extend@npm:0.6.0"
  checksum: 7be7e5a8d468d6b10e6a67c3de828f55001b6eb515d014f7aeb9066ce36bd5717161eb47d6a0f7bed8a9083935b465bc163ee2581c8b128d29bf61092fdf57a7
  languageName: node
  linkType: hard

"delegates@npm:^1.0.0":
  version: 1.0.0
  resolution: "delegates@npm:1.0.0"
  checksum: a51744d9b53c164ba9c0492471a1a2ffa0b6727451bdc89e31627fdf4adda9d51277cfcbfb20f0a6f08ccb3c436f341df3e92631a3440226d93a8971724771fd
  languageName: node
  linkType: hard

"denque@npm:^2.0.1":
  version: 2.0.1
  resolution: "denque@npm:2.0.1"
  checksum: ec398d1e3c6c8d4f5213dcf9ad74d7faa3b461e29a0019c9742b49a97ac5e16aa7134db45fa9d841e318e7722dd1ba670a474fde9a5b0d870b3a5fc6fe914c30
  languageName: node
  linkType: hard

"depd@npm:^1.1.2":
  version: 1.1.2
  resolution: "depd@npm:1.1.2"
  checksum: 6b406620d269619852885ce15965272b829df6f409724415e0002c8632ab6a8c0a08ec1f0bd2add05dc7bd7507606f7e2cc034fa24224ab829580040b835ecd9
  languageName: node
  linkType: hard

"detect-libc@npm:^2.0.0":
  version: 2.0.1
  resolution: "detect-libc@npm:2.0.1"
  checksum: ccb05fcabbb555beb544d48080179c18523a343face9ee4e1a86605a8715b4169f94d663c21a03c310ac824592f2ba9a5270218819bb411ad7be578a527593d7
  languageName: node
  linkType: hard

"emoji-regex@npm:^8.0.0":
  version: 8.0.0
  resolution: "emoji-regex@npm:8.0.0"
  checksum: d4c5c39d5a9868b5fa152f00cada8a936868fd3367f33f71be515ecee4c803132d11b31a6222b2571b1e5f7e13890156a94880345594d0ce7e3c9895f560f192
  languageName: node
  linkType: hard

"encoding@npm:^0.1.12":
  version: 0.1.13
  resolution: "encoding@npm:0.1.13"
  dependencies:
    iconv-lite: ^0.6.2
  checksum: bb98632f8ffa823996e508ce6a58ffcf5856330fde839ae42c9e1f436cc3b5cc651d4aeae72222916545428e54fd0f6aa8862fd8d25bdbcc4589f1e3f3715e7f
  languageName: node
  linkType: hard

"end-of-stream@npm:^1.1.0, end-of-stream@npm:^1.4.1":
  version: 1.4.4
  resolution: "end-of-stream@npm:1.4.4"
  dependencies:
    once: ^1.4.0
  checksum: 530a5a5a1e517e962854a31693dbb5c0b2fc40b46dad2a56a2deec656ca040631124f4795823acc68238147805f8b021abbe221f4afed5ef3c8e8efc2024908b
  languageName: node
  linkType: hard

"env-paths@npm:^2.2.0":
  version: 2.2.1
  resolution: "env-paths@npm:2.2.1"
  checksum: 65b5df55a8bab92229ab2b40dad3b387fad24613263d103a97f91c9fe43ceb21965cd3392b1ccb5d77088021e525c4e0481adb309625d0cb94ade1d1fb8dc17e
  languageName: node
  linkType: hard

"err-code@npm:^2.0.2":
  version: 2.0.3
  resolution: "err-code@npm:2.0.3"
  checksum: 8b7b1be20d2de12d2255c0bc2ca638b7af5171142693299416e6a9339bd7d88fc8d7707d913d78e0993176005405a236b066b45666b27b797252c771156ace54
  languageName: node
  linkType: hard

"expand-template@npm:^2.0.3":
  version: 2.0.3
  resolution: "expand-template@npm:2.0.3"
  checksum: 588c19847216421ed92befb521767b7018dc88f88b0576df98cb242f20961425e96a92cbece525ef28cc5becceae5d544ae0f5b9b5e2aa05acb13716ca5b3099
  languageName: node
  linkType: hard

"file-uri-to-path@npm:1.0.0":
  version: 1.0.0
  resolution: "file-uri-to-path@npm:1.0.0"
  checksum: b648580bdd893a008c92c7ecc96c3ee57a5e7b6c4c18a9a09b44fb5d36d79146f8e442578bc0e173dc027adf3987e254ba1dfd6e3ec998b7c282873010502144
  languageName: node
  linkType: hard

"fs-constants@npm:^1.0.0":
  version: 1.0.0
  resolution: "fs-constants@npm:1.0.0"
  checksum: 18f5b718371816155849475ac36c7d0b24d39a11d91348cfcb308b4494824413e03572c403c86d3a260e049465518c4f0d5bd00f0371cdfcad6d4f30a85b350d
  languageName: node
  linkType: hard

"fs-minipass@npm:^2.0.0":
  version: 2.1.0
  resolution: "fs-minipass@npm:2.1.0"
  dependencies:
    minipass: ^3.0.0
  checksum: 1b8d128dae2ac6cc94230cc5ead341ba3e0efaef82dab46a33d171c044caaa6ca001364178d42069b2809c35a1c3c35079a32107c770e9ffab3901b59af8c8b1
  languageName: node
  linkType: hard

"fs.realpath@npm:^1.0.0":
  version: 1.0.0
  resolution: "fs.realpath@npm:1.0.0"
  checksum: 99ddea01a7e75aa276c250a04eedeffe5662bce66c65c07164ad6264f9de18fb21be9433ead460e54cff20e31721c811f4fb5d70591799df5f85dce6d6746fd0
  languageName: node
  linkType: hard

"gauge@npm:^4.0.0":
  version: 4.0.0
  resolution: "gauge@npm:4.0.0"
  dependencies:
    ansi-regex: ^5.0.1
    aproba: ^1.0.3 || ^2.0.0
    color-support: ^1.1.2
    console-control-strings: ^1.0.0
    has-unicode: ^2.0.1
    signal-exit: ^3.0.0
    string-width: ^4.2.3
    strip-ansi: ^6.0.1
    wide-align: ^1.1.2
  checksum: 637b34c84f518defa89319dbef68211a24e9302182ad2a619e3be1be5b7dcf2a962c8359e889294af667440f4722e7e6e61671859e00bd8ec280a136ded89b25
  languageName: node
  linkType: hard

"github-from-package@npm:0.0.0":
  version: 0.0.0
  resolution: "github-from-package@npm:0.0.0"
  checksum: 14e448192a35c1e42efee94c9d01a10f42fe790375891a24b25261246ce9336ab9df5d274585aedd4568f7922246c2a78b8a8cd2571bfe99c693a9718e7dd0e3
  languageName: node
  linkType: hard

"glob-to-regexp@npm:0.4.1":
  version: 0.4.1
  resolution: "glob-to-regexp@npm:0.4.1"
  checksum: e795f4e8f06d2a15e86f76e4d92751cf8bbfcf0157cea5c2f0f35678a8195a750b34096b1256e436f0cebc1883b5ff0888c47348443e69546a5a87f9e1eb1167
  languageName: node
  linkType: hard

"glob@npm:^7.1.3, glob@npm:^7.1.4":
  version: 7.2.0
  resolution: "glob@npm:7.2.0"
  dependencies:
    fs.realpath: ^1.0.0
    inflight: ^1.0.4
    inherits: 2
    minimatch: ^3.0.4
    once: ^1.3.0
    path-is-absolute: ^1.0.0
  checksum: 78a8ea942331f08ed2e055cb5b9e40fe6f46f579d7fd3d694f3412fe5db23223d29b7fee1575440202e9a7ff9a72ab106a39fee39934c7bedafe5e5f8ae20134
  languageName: node
  linkType: hard

"graceful-fs@npm:^4.2.6":
  version: 4.2.9
  resolution: "graceful-fs@npm:4.2.9"
  checksum: 68ea4e07ff2c041ada184f9278b830375f8e0b75154e3f080af6b70f66172fabb4108d19b3863a96b53fc068a310b9b6493d86d1291acc5f3861eb4b79d26ad6
  languageName: node
  linkType: hard

"has-unicode@npm:^2.0.1":
  version: 2.0.1
  resolution: "has-unicode@npm:2.0.1"
  checksum: 1eab07a7436512db0be40a710b29b5dc21fa04880b7f63c9980b706683127e3c1b57cb80ea96d47991bdae2dfe479604f6a1ba410106ee1046a41d1bd0814400
  languageName: node
  linkType: hard

"http-cache-semantics@npm:^4.1.0":
  version: 4.1.0
  resolution: "http-cache-semantics@npm:4.1.0"
  checksum: 974de94a81c5474be07f269f9fd8383e92ebb5a448208223bfb39e172a9dbc26feff250192ecc23b9593b3f92098e010406b0f24bd4d588d631f80214648ed42
  languageName: node
  linkType: hard

"http-proxy-agent@npm:^4.0.1":
  version: 4.0.1
  resolution: "http-proxy-agent@npm:4.0.1"
  dependencies:
    "@tootallnate/once": 1
    agent-base: 6
    debug: 4
  checksum: c6a5da5a1929416b6bbdf77b1aca13888013fe7eb9d59fc292e25d18e041bb154a8dfada58e223fc7b76b9b2d155a87e92e608235201f77d34aa258707963a82
  languageName: node
  linkType: hard

"https-proxy-agent@npm:^5.0.0":
  version: 5.0.0
  resolution: "https-proxy-agent@npm:5.0.0"
  dependencies:
    agent-base: 6
    debug: 4
  checksum: 165bfb090bd26d47693597661298006841ab733d0c7383a8cb2f17373387a94c903a3ac687090aa739de05e379ab6f868bae84ab4eac288ad85c328cd1ec9e53
  languageName: node
  linkType: hard

"humanize-ms@npm:^1.2.1":
  version: 1.2.1
  resolution: "humanize-ms@npm:1.2.1"
  dependencies:
    ms: ^2.0.0
  checksum: 9c7a74a2827f9294c009266c82031030eae811ca87b0da3dceb8d6071b9bde22c9f3daef0469c3c533cc67a97d8a167cd9fc0389350e5f415f61a79b171ded16
  languageName: node
  linkType: hard

"iconv-lite@npm:^0.6.2":
  version: 0.6.3
  resolution: "iconv-lite@npm:0.6.3"
  dependencies:
    safer-buffer: ">= 2.1.2 < 3.0.0"
  checksum: 3f60d47a5c8fc3313317edfd29a00a692cc87a19cac0159e2ce711d0ebc9019064108323b5e493625e25594f11c6236647d8e256fbe7a58f4a3b33b89e6d30bf
  languageName: node
  linkType: hard

"ieee754@npm:^1.1.13":
  version: 1.2.1
  resolution: "ieee754@npm:1.2.1"
  checksum: 5144c0c9815e54ada181d80a0b810221a253562422e7c6c3a60b1901154184f49326ec239d618c416c1c5945a2e197107aee8d986a3dd836b53dffefd99b5e7e
  languageName: node
  linkType: hard

"imurmurhash@npm:^0.1.4":
  version: 0.1.4
  resolution: "imurmurhash@npm:0.1.4"
  checksum: 7cae75c8cd9a50f57dadd77482359f659eaebac0319dd9368bcd1714f55e65badd6929ca58569da2b6494ef13fdd5598cd700b1eba23f8b79c5f19d195a3ecf7
  languageName: node
  linkType: hard

"indent-string@npm:^4.0.0":
  version: 4.0.0
  resolution: "indent-string@npm:4.0.0"
  checksum: 824cfb9929d031dabf059bebfe08cf3137365e112019086ed3dcff6a0a7b698cb80cf67ccccde0e25b9e2d7527aa6cc1fed1ac490c752162496caba3e6699612
  languageName: node
  linkType: hard

"infer-owner@npm:^1.0.4":
  version: 1.0.4
  resolution: "infer-owner@npm:1.0.4"
  checksum: 181e732764e4a0611576466b4b87dac338972b839920b2a8cde43642e4ed6bd54dc1fb0b40874728f2a2df9a1b097b8ff83b56d5f8f8e3927f837fdcb47d8a89
  languageName: node
  linkType: hard

"inflight@npm:^1.0.4":
  version: 1.0.6
  resolution: "inflight@npm:1.0.6"
  dependencies:
    once: ^1.3.0
    wrappy: 1
  checksum: f4f76aa072ce19fae87ce1ef7d221e709afb59d445e05d47fba710e85470923a75de35bfae47da6de1b18afc3ce83d70facf44cfb0aff89f0a3f45c0a0244dfd
  languageName: node
  linkType: hard

"inherits@npm:2, inherits@npm:^2.0.3, inherits@npm:^2.0.4":
  version: 2.0.4
  resolution: "inherits@npm:2.0.4"
  checksum: 4a48a733847879d6cf6691860a6b1e3f0f4754176e4d71494c41f3475553768b10f84b5ce1d40fbd0e34e6bfbb864ee35858ad4dd2cf31e02fc4a154b724d7f1
  languageName: node
  linkType: hard

"ini@npm:~1.3.0":
  version: 1.3.8
  resolution: "ini@npm:1.3.8"
  checksum: dfd98b0ca3a4fc1e323e38a6c8eb8936e31a97a918d3b377649ea15bdb15d481207a0dda1021efbd86b464cae29a0d33c1d7dcaf6c5672bee17fa849bc50a1b3
  languageName: node
  linkType: hard

"ip@npm:^1.1.5":
  version: 1.1.5
  resolution: "ip@npm:1.1.5"
  checksum: 30133981f082a060a32644f6a7746e9ba7ac9e2bc07ecc8bbdda3ee8ca9bec1190724c390e45a1ee7695e7edfd2a8f7dda2c104ec5f7ac5068c00648504c7e5a
  languageName: node
  linkType: hard

"is-fullwidth-code-point@npm:^3.0.0":
  version: 3.0.0
  resolution: "is-fullwidth-code-point@npm:3.0.0"
  checksum: 44a30c29457c7fb8f00297bce733f0a64cd22eca270f83e58c105e0d015e45c019491a4ab2faef91ab51d4738c670daff901c799f6a700e27f7314029e99e348
  languageName: node
  linkType: hard

"is-lambda@npm:^1.0.1":
  version: 1.0.1
  resolution: "is-lambda@npm:1.0.1"
  checksum: 93a32f01940220532e5948538699ad610d5924ac86093fcee83022252b363eb0cc99ba53ab084a04e4fb62bf7b5731f55496257a4c38adf87af9c4d352c71c35
  languageName: node
  linkType: hard

"isexe@npm:^2.0.0":
  version: 2.0.0
  resolution: "isexe@npm:2.0.0"
  checksum: 26bf6c5480dda5161c820c5b5c751ae1e766c587b1f951ea3fcfc973bafb7831ae5b54a31a69bd670220e42e99ec154475025a468eae58ea262f813fdc8d1c62
  languageName: node
  linkType: hard

"kareem@npm:2.3.3":
  version: 2.3.3
  resolution: "kareem@npm:2.3.3"
  checksum: 6acbfeadce9b781844bfce6ecb8f721af2e6453c55e42d14bc9cf337cf4748bc4a084f915c4206e12d33f1c973f65d5010afb6e225b1f772a7b6e40e84da4efc
  languageName: node
  linkType: hard

"kareem@npm:2.4.1":
  version: 2.4.1
  resolution: "kareem@npm:2.4.1"
  checksum: 83c8d8f5ea82e58fa9f43f62f65576ac32fc7c5f817deb2708c68996eb586bf3dc236404a4570c548730a041e29a6553f61f8a744fa96a1093e5dc28b4ce598f
  languageName: node
  linkType: hard

"lru-cache@npm:^6.0.0":
  version: 6.0.0
  resolution: "lru-cache@npm:6.0.0"
  dependencies:
    yallist: ^4.0.0
  checksum: f97f499f898f23e4585742138a22f22526254fdba6d75d41a1c2526b3b6cc5747ef59c5612ba7375f42aca4f8461950e925ba08c991ead0651b4918b7c978297
  languageName: node
  linkType: hard

"make-fetch-happen@npm:^9.1.0":
  version: 9.1.0
  resolution: "make-fetch-happen@npm:9.1.0"
  dependencies:
    agentkeepalive: ^4.1.3
    cacache: ^15.2.0
    http-cache-semantics: ^4.1.0
    http-proxy-agent: ^4.0.1
    https-proxy-agent: ^5.0.0
    is-lambda: ^1.0.1
    lru-cache: ^6.0.0
    minipass: ^3.1.3
    minipass-collect: ^1.0.2
    minipass-fetch: ^1.3.2
    minipass-flush: ^1.0.5
    minipass-pipeline: ^1.2.4
    negotiator: ^0.6.2
    promise-retry: ^2.0.1
    socks-proxy-agent: ^6.0.0
    ssri: ^8.0.0
  checksum: 0eb371c85fdd0b1584fcfdf3dc3c62395761b3c14658be02620c310305a9a7ecf1617a5e6fb30c1d081c5c8aaf177fa133ee225024313afabb7aa6a10f1e3d04
  languageName: node
  linkType: hard

"memory-pager@npm:^1.0.2":
  version: 1.5.0
  resolution: "memory-pager@npm:1.5.0"
  checksum: d1a2e684583ef55c61cd3a49101da645b11ad57014dfc565e0b43baa9004b743f7e4ab81493d8fff2ab24e9950987cc3209c94bcc4fc8d7e30a475489a1f15e9
  languageName: node
  linkType: hard

"mimic-response@npm:^3.1.0":
  version: 3.1.0
  resolution: "mimic-response@npm:3.1.0"
  checksum: 25739fee32c17f433626bf19f016df9036b75b3d84a3046c7d156e72ec963dd29d7fc8a302f55a3d6c5a4ff24259676b15d915aad6480815a969ff2ec0836867
  languageName: node
  linkType: hard

"minimatch@npm:^3.0.4":
  version: 3.0.4
  resolution: "minimatch@npm:3.0.4"
  dependencies:
    brace-expansion: ^1.1.7
  checksum: 66ac295f8a7b59788000ea3749938b0970344c841750abd96694f80269b926ebcafad3deeb3f1da2522978b119e6ae3a5869b63b13a7859a456b3408bd18a078
  languageName: node
  linkType: hard

"minimist@npm:^1.2.0, minimist@npm:^1.2.3":
  version: 1.2.5
  resolution: "minimist@npm:1.2.5"
  checksum: 86706ce5b36c16bfc35c5fe3dbb01d5acdc9a22f2b6cc810b6680656a1d2c0e44a0159c9a3ba51fb072bb5c203e49e10b51dcd0eec39c481f4c42086719bae52
  languageName: node
  linkType: hard

"minipass-collect@npm:^1.0.2":
  version: 1.0.2
  resolution: "minipass-collect@npm:1.0.2"
  dependencies:
    minipass: ^3.0.0
  checksum: 14df761028f3e47293aee72888f2657695ec66bd7d09cae7ad558da30415fdc4752bbfee66287dcc6fd5e6a2fa3466d6c484dc1cbd986525d9393b9523d97f10
  languageName: node
  linkType: hard

"minipass-fetch@npm:^1.3.2":
  version: 1.4.1
  resolution: "minipass-fetch@npm:1.4.1"
  dependencies:
    encoding: ^0.1.12
    minipass: ^3.1.0
    minipass-sized: ^1.0.3
    minizlib: ^2.0.0
  dependenciesMeta:
    encoding:
      optional: true
  checksum: ec93697bdb62129c4e6c0104138e681e30efef8c15d9429dd172f776f83898471bc76521b539ff913248cc2aa6d2b37b652c993504a51cc53282563640f29216
  languageName: node
  linkType: hard

"minipass-flush@npm:^1.0.5":
  version: 1.0.5
  resolution: "minipass-flush@npm:1.0.5"
  dependencies:
    minipass: ^3.0.0
  checksum: 56269a0b22bad756a08a94b1ffc36b7c9c5de0735a4dd1ab2b06c066d795cfd1f0ac44a0fcae13eece5589b908ecddc867f04c745c7009be0b566421ea0944cf
  languageName: node
  linkType: hard

"minipass-pipeline@npm:^1.2.2, minipass-pipeline@npm:^1.2.4":
  version: 1.2.4
  resolution: "minipass-pipeline@npm:1.2.4"
  dependencies:
    minipass: ^3.0.0
  checksum: b14240dac0d29823c3d5911c286069e36d0b81173d7bdf07a7e4a91ecdef92cdff4baaf31ea3746f1c61e0957f652e641223970870e2353593f382112257971b
  languageName: node
  linkType: hard

"minipass-sized@npm:^1.0.3":
  version: 1.0.3
  resolution: "minipass-sized@npm:1.0.3"
  dependencies:
    minipass: ^3.0.0
  checksum: 79076749fcacf21b5d16dd596d32c3b6bf4d6e62abb43868fac21674078505c8b15eaca4e47ed844985a4514854f917d78f588fcd029693709417d8f98b2bd60
  languageName: node
  linkType: hard

"minipass@npm:^3.0.0, minipass@npm:^3.1.0, minipass@npm:^3.1.1, minipass@npm:^3.1.3":
  version: 3.1.6
  resolution: "minipass@npm:3.1.6"
  dependencies:
    yallist: ^4.0.0
  checksum: 57a04041413a3531a65062452cb5175f93383ef245d6f4a2961d34386eb9aa8ac11ac7f16f791f5e8bbaf1dfb1ef01596870c88e8822215db57aa591a5bb0a77
  languageName: node
  linkType: hard

"minizlib@npm:^2.0.0, minizlib@npm:^2.1.1":
  version: 2.1.2
  resolution: "minizlib@npm:2.1.2"
  dependencies:
    minipass: ^3.0.0
    yallist: ^4.0.0
  checksum: f1fdeac0b07cf8f30fcf12f4b586795b97be856edea22b5e9072707be51fc95d41487faec3f265b42973a304fe3a64acd91a44a3826a963e37b37bafde0212c3
  languageName: node
  linkType: hard

"mkdirp-classic@npm:^0.5.2, mkdirp-classic@npm:^0.5.3":
  version: 0.5.3
  resolution: "mkdirp-classic@npm:0.5.3"
  checksum: 3f4e088208270bbcc148d53b73e9a5bd9eef05ad2cbf3b3d0ff8795278d50dd1d11a8ef1875ff5aea3fa888931f95bfcb2ad5b7c1061cfefd6284d199e6776ac
  languageName: node
  linkType: hard

"mkdirp@npm:^1.0.3, mkdirp@npm:^1.0.4":
  version: 1.0.4
  resolution: "mkdirp@npm:1.0.4"
  bin:
    mkdirp: bin/cmd.js
  checksum: a96865108c6c3b1b8e1d5e9f11843de1e077e57737602de1b82030815f311be11f96f09cce59bd5b903d0b29834733e5313f9301e3ed6d6f6fba2eae0df4298f
  languageName: node
  linkType: hard

"mongoStorage@workspace:.":
  version: 0.0.0-use.local
  resolution: "mongoStorage@workspace:."
  dependencies:
    "@types/mongodb": 4.0.7
    "@types/mongoose": 5.11.97
    glob-to-regexp: 0.4.1
    mongodb-client-encryption: 2.1.0
    mongoose: 6.4.3
  languageName: unknown
  linkType: soft

"mongodb-client-encryption@npm:2.1.0":
  version: 2.1.0
  resolution: "mongodb-client-encryption@npm:2.1.0"
  dependencies:
    bindings: ^1.5.0
    node-addon-api: ^4.3.0
    node-gyp: latest
    prebuild-install: ^7.0.1
    socks: ^2.6.1
  peerDependencies:
    mongodb: ">=3.4.0"
  checksum: d9ab87c28dd32a78eeec7e9bcfbc847d1d751bb8d12a6d2f646a58ebbb5e108bb183d917cb2f24c796d384fdc6fec0b46828c0e40f8053610da137dbe6c0c20c
  languageName: node
  linkType: hard

"mongodb-connection-string-url@npm:^2.3.2":
  version: 2.4.1
  resolution: "mongodb-connection-string-url@npm:2.4.1"
  dependencies:
    "@types/whatwg-url": ^8.2.1
    whatwg-url: ^11.0.0
  checksum: 119c908ab543f75cf80e2b29b1034071d85d8c59a93515125b10bf97b428a1c051a1dc011388961fcc733fc48972a375d70d5a8e7faa0ac7c5ab701aff7678bd
  languageName: node
  linkType: hard

"mongodb-connection-string-url@npm:^2.5.2":
  version: 2.5.2
  resolution: "mongodb-connection-string-url@npm:2.5.2"
  dependencies:
    "@types/whatwg-url": ^8.2.1
    whatwg-url: ^11.0.0
  checksum: bd13af7d62d33e2d6e5217692961e34b2dafbbba5f41d361417257592754df3e925efc00fa8a5e038624e284245dab39e913d5f06ff962feede86d5f58fc5827
  languageName: node
  linkType: hard

"mongodb@npm:*, mongodb@npm:4.7.0":
  version: 4.7.0
  resolution: "mongodb@npm:4.7.0"
  dependencies:
    bson: ^4.6.3
    denque: ^2.0.1
    mongodb-connection-string-url: ^2.5.2
    saslprep: ^1.0.3
    socks: ^2.6.2
  dependenciesMeta:
    saslprep:
      optional: true
  checksum: 6c8ddf1d14a4392d83702aa532e5a1e6deaa501cfd66e352a1226358422716e340465ca4b0f2c5d8f660bf15c06456059953fb99482f714c1dab408ecfe3aeea
  languageName: node
  linkType: hard

"mongodb@npm:4.2.2":
  version: 4.2.2
  resolution: "mongodb@npm:4.2.2"
  dependencies:
    bson: ^4.6.0
    denque: ^2.0.1
    mongodb-connection-string-url: ^2.3.2
    saslprep: ^1.0.3
  dependenciesMeta:
    saslprep:
      optional: true
  checksum: 645cc8889ee093c0d6479638aa4f5b3e587b84be5179a35993f0796fda6b25d22c4b6f7d5f27b4d23c3aacb694db2ff696ea0a5080ddc745508ffff95131f3b5
  languageName: node
  linkType: hard

"mongoose@npm:*":
  version: 6.1.7
  resolution: "mongoose@npm:6.1.7"
  dependencies:
    "@types/node": < 17.0.6
    bson: ^4.2.2
    kareem: 2.3.3
    mongodb: 4.2.2
    mpath: 0.8.4
    mquery: 4.0.0
    ms: 2.1.2
    regexp-clone: 1.0.0
    sift: 13.5.2
    sliced: 1.0.1
  checksum: 5084674a19ea40663691d6e1303314d34633989d3147cc686e28efa330ad2529873b1a14fc4721c5739dac7608e49e15b4ee752882aa43b17bc2b1bec193d53a
  languageName: node
  linkType: hard

"mongoose@npm:6.4.3":
  version: 6.4.3
  resolution: "mongoose@npm:6.4.3"
  dependencies:
    bson: ^4.6.2
    kareem: 2.4.1
    mongodb: 4.7.0
    mpath: 0.9.0
    mquery: 4.0.3
    ms: 2.1.3
    sift: 16.0.0
  checksum: 016bfaf417cf423d801415a7bbb82bca5d721732ed7938d6a8e5c856cd14fc8b95cfa490fd0cca65363c22790b5c6bd961ec42f65f8377e8bf1a1e00a59caf86
  languageName: node
  linkType: hard

"mpath@npm:0.8.4":
  version: 0.8.4
  resolution: "mpath@npm:0.8.4"
  checksum: 06ad1d443766626fa361b67a4eca9cd4c36a71e475e92e8a5c242dbbc9a911adac00ce971177843b48475356df609f847342548da7701a976a2ab4116135caf0
  languageName: node
  linkType: hard

"mpath@npm:0.9.0":
  version: 0.9.0
  resolution: "mpath@npm:0.9.0"
  checksum: 1052f1f926db04502440f76164ae16ed53aa41f3ce34e7e64e3ed451b7d91ede295c3b600801c5f9eb862f03d9d59b7aa5aaf690c341fc521bef025d0f5cd773
  languageName: node
  linkType: hard

"mquery@npm:4.0.0":
  version: 4.0.0
  resolution: "mquery@npm:4.0.0"
  dependencies:
    debug: 4.x
    regexp-clone: ^1.0.0
    sliced: 1.0.1
  checksum: bfa776dfe67bb821a8199e02c01e51ca53020c552f3a7a137520e2ce3283b62ba05b50322d173d46f0e04b5eab0e2bdb5003e61019680e267c4776fe866b6306
  languageName: node
  linkType: hard

"mquery@npm:4.0.3":
  version: 4.0.3
  resolution: "mquery@npm:4.0.3"
  dependencies:
    debug: 4.x
  checksum: 16a6887ba7594e71d38969ab58c7be1866a0ffa07a559e4bb43eaefd00db2ae174aedbe2187d94f2a86dca1e07e024d03c22c39fdea09bf08dbf586a2f7ecb0c
  languageName: node
  linkType: hard

"ms@npm:2.1.2":
  version: 2.1.2
  resolution: "ms@npm:2.1.2"
  checksum: 673cdb2c3133eb050c745908d8ce632ed2c02d85640e2edb3ace856a2266a813b30c613569bf3354fdf4ea7d1a1494add3bfa95e2713baa27d0c2c71fc44f58f
  languageName: node
  linkType: hard

"ms@npm:2.1.3, ms@npm:^2.0.0":
  version: 2.1.3
  resolution: "ms@npm:2.1.3"
  checksum: aa92de608021b242401676e35cfa5aa42dd70cbdc082b916da7fb925c542173e36bce97ea3e804923fe92c0ad991434e4a38327e15a1b5b5f945d66df615ae6d
  languageName: node
  linkType: hard

"napi-build-utils@npm:^1.0.1":
  version: 1.0.2
  resolution: "napi-build-utils@npm:1.0.2"
  checksum: 06c14271ee966e108d55ae109f340976a9556c8603e888037145d6522726aebe89dd0c861b4b83947feaf6d39e79e08817559e8693deedc2c94e82c5cbd090c7
  languageName: node
  linkType: hard

"negotiator@npm:^0.6.2":
  version: 0.6.2
  resolution: "negotiator@npm:0.6.2"
  checksum: dfddaff6c06792f1c4c3809e29a427b8daef8cd437c83b08dd51d7ee11bbd1c29d9512d66b801144d6c98e910ffd8723f2432e0cbf8b18d41d2a09599c975ab3
  languageName: node
  linkType: hard

"node-abi@npm:^3.3.0":
  version: 3.22.0
  resolution: "node-abi@npm:3.22.0"
  dependencies:
    semver: ^7.3.5
  checksum: ad76823920780de39b9712b10c8e5ee424d573b74720b9eeef9ce6523d587f114787aefeabbd34d7a861f9cfab9ac131e1a149243470bb79d6eb5d414a3fa58e
  languageName: node
  linkType: hard

"node-addon-api@npm:^4.3.0":
  version: 4.3.0
  resolution: "node-addon-api@npm:4.3.0"
  dependencies:
    node-gyp: latest
  checksum: 3de396e23cc209f539c704583e8e99c148850226f6e389a641b92e8967953713228109f919765abc1f4355e801e8f41842f96210b8d61c7dcc10a477002dcf00
  languageName: node
  linkType: hard

"node-gyp@npm:latest":
  version: 8.4.1
  resolution: "node-gyp@npm:8.4.1"
  dependencies:
    env-paths: ^2.2.0
    glob: ^7.1.4
    graceful-fs: ^4.2.6
    make-fetch-happen: ^9.1.0
    nopt: ^5.0.0
    npmlog: ^6.0.0
    rimraf: ^3.0.2
    semver: ^7.3.5
    tar: ^6.1.2
    which: ^2.0.2
  bin:
    node-gyp: bin/node-gyp.js
  checksum: 341710b5da39d3660e6a886b37e210d33f8282047405c2e62c277bcc744c7552c5b8b972ebc3a7d5c2813794e60cc48c3ebd142c46d6e0321db4db6c92dd0355
  languageName: node
  linkType: hard

"nopt@npm:^5.0.0":
  version: 5.0.0
  resolution: "nopt@npm:5.0.0"
  dependencies:
    abbrev: 1
  bin:
    nopt: bin/nopt.js
  checksum: d35fdec187269503843924e0114c0c6533fb54bbf1620d0f28b4b60ba01712d6687f62565c55cc20a504eff0fbe5c63e22340c3fad549ad40469ffb611b04f2f
  languageName: node
  linkType: hard

"npmlog@npm:^6.0.0":
  version: 6.0.0
  resolution: "npmlog@npm:6.0.0"
  dependencies:
    are-we-there-yet: ^2.0.0
    console-control-strings: ^1.1.0
    gauge: ^4.0.0
    set-blocking: ^2.0.0
  checksum: 33d8a7fe3d63bf83b16655b6588ae7ba10b5f37b067a661e7cab6508660d7c3204ae716ee2c5ce4eb9626fd1489cf2fa7645d789bc3b704f8c3ccb04a532a50b
  languageName: node
  linkType: hard

"once@npm:^1.3.0, once@npm:^1.3.1, once@npm:^1.4.0":
  version: 1.4.0
  resolution: "once@npm:1.4.0"
  dependencies:
    wrappy: 1
  checksum: cd0a88501333edd640d95f0d2700fbde6bff20b3d4d9bdc521bdd31af0656b5706570d6c6afe532045a20bb8dc0849f8332d6f2a416e0ba6d3d3b98806c7db68
  languageName: node
  linkType: hard

"p-map@npm:^4.0.0":
  version: 4.0.0
  resolution: "p-map@npm:4.0.0"
  dependencies:
    aggregate-error: ^3.0.0
  checksum: cb0ab21ec0f32ddffd31dfc250e3afa61e103ef43d957cc45497afe37513634589316de4eb88abdfd969fe6410c22c0b93ab24328833b8eb1ccc087fc0442a1c
  languageName: node
  linkType: hard

"path-is-absolute@npm:^1.0.0":
  version: 1.0.1
  resolution: "path-is-absolute@npm:1.0.1"
  checksum: 060840f92cf8effa293bcc1bea81281bd7d363731d214cbe5c227df207c34cd727430f70c6037b5159c8a870b9157cba65e775446b0ab06fd5ecc7e54615a3b8
  languageName: node
  linkType: hard

"prebuild-install@npm:^7.0.1":
  version: 7.1.1
  resolution: "prebuild-install@npm:7.1.1"
  dependencies:
    detect-libc: ^2.0.0
    expand-template: ^2.0.3
    github-from-package: 0.0.0
    minimist: ^1.2.3
    mkdirp-classic: ^0.5.3
    napi-build-utils: ^1.0.1
    node-abi: ^3.3.0
    pump: ^3.0.0
    rc: ^1.2.7
    simple-get: ^4.0.0
    tar-fs: ^2.0.0
    tunnel-agent: ^0.6.0
  bin:
    prebuild-install: bin.js
  checksum: dbf96d0146b6b5827fc8f67f72074d2e19c69628b9a7a0a17d0fad1bf37e9f06922896972e074197fc00a52eae912993e6ef5a0d471652f561df5cb516f3f467
  languageName: node
  linkType: hard

"promise-inflight@npm:^1.0.1":
  version: 1.0.1
  resolution: "promise-inflight@npm:1.0.1"
  checksum: 22749483091d2c594261517f4f80e05226d4d5ecc1fc917e1886929da56e22b5718b7f2a75f3807e7a7d471bc3be2907fe92e6e8f373ddf5c64bae35b5af3981
  languageName: node
  linkType: hard

"promise-retry@npm:^2.0.1":
  version: 2.0.1
  resolution: "promise-retry@npm:2.0.1"
  dependencies:
    err-code: ^2.0.2
    retry: ^0.12.0
  checksum: f96a3f6d90b92b568a26f71e966cbbc0f63ab85ea6ff6c81284dc869b41510e6cdef99b6b65f9030f0db422bf7c96652a3fff9f2e8fb4a0f069d8f4430359429
  languageName: node
  linkType: hard

"pump@npm:^3.0.0":
  version: 3.0.0
  resolution: "pump@npm:3.0.0"
  dependencies:
    end-of-stream: ^1.1.0
    once: ^1.3.1
  checksum: e42e9229fba14732593a718b04cb5e1cfef8254544870997e0ecd9732b189a48e1256e4e5478148ecb47c8511dca2b09eae56b4d0aad8009e6fac8072923cfc9
  languageName: node
  linkType: hard

"punycode@npm:^2.1.1":
  version: 2.1.1
  resolution: "punycode@npm:2.1.1"
  checksum: 823bf443c6dd14f669984dea25757b37993f67e8d94698996064035edd43bed8a5a17a9f12e439c2b35df1078c6bec05a6c86e336209eb1061e8025c481168e8
  languageName: node
  linkType: hard

"rc@npm:^1.2.7":
  version: 1.2.8
  resolution: "rc@npm:1.2.8"
  dependencies:
    deep-extend: ^0.6.0
    ini: ~1.3.0
    minimist: ^1.2.0
    strip-json-comments: ~2.0.1
  bin:
    rc: ./cli.js
  checksum: 2e26e052f8be2abd64e6d1dabfbd7be03f80ec18ccbc49562d31f617d0015fbdbcf0f9eed30346ea6ab789e0fdfe4337f033f8016efdbee0df5354751842080e
  languageName: node
  linkType: hard

"readable-stream@npm:^3.1.1, readable-stream@npm:^3.4.0, readable-stream@npm:^3.6.0":
  version: 3.6.0
  resolution: "readable-stream@npm:3.6.0"
  dependencies:
    inherits: ^2.0.3
    string_decoder: ^1.1.1
    util-deprecate: ^1.0.1
  checksum: d4ea81502d3799439bb955a3a5d1d808592cf3133350ed352aeaa499647858b27b1c4013984900238b0873ec8d0d8defce72469fb7a83e61d53f5ad61cb80dc8
  languageName: node
  linkType: hard

"regexp-clone@npm:1.0.0, regexp-clone@npm:^1.0.0":
  version: 1.0.0
  resolution: "regexp-clone@npm:1.0.0"
  checksum: ca4960bbdc4237c84813b12aed351606be7db60a8c8867ef46b44f00eec4e83f51b31de34e294900517db9d7a39636117af80916f6ce7dc45ea00cae3c6d6fc3
  languageName: node
  linkType: hard

"retry@npm:^0.12.0":
  version: 0.12.0
  resolution: "retry@npm:0.12.0"
  checksum: 623bd7d2e5119467ba66202d733ec3c2e2e26568074923bc0585b6b99db14f357e79bdedb63cab56cec47491c4a0da7e6021a7465ca6dc4f481d3898fdd3158c
  languageName: node
  linkType: hard

"rimraf@npm:^3.0.2":
  version: 3.0.2
  resolution: "rimraf@npm:3.0.2"
  dependencies:
    glob: ^7.1.3
  bin:
    rimraf: bin.js
  checksum: 87f4164e396f0171b0a3386cc1877a817f572148ee13a7e113b238e48e8a9f2f31d009a92ec38a591ff1567d9662c6b67fd8818a2dbbaed74bc26a87a2a4a9a0
  languageName: node
  linkType: hard

"safe-buffer@npm:^5.0.1, safe-buffer@npm:~5.2.0":
  version: 5.2.1
  resolution: "safe-buffer@npm:5.2.1"
  checksum: b99c4b41fdd67a6aaf280fcd05e9ffb0813654894223afb78a31f14a19ad220bba8aba1cb14eddce1fcfb037155fe6de4e861784eb434f7d11ed58d1e70dd491
  languageName: node
  linkType: hard

"safer-buffer@npm:>= 2.1.2 < 3.0.0":
  version: 2.1.2
  resolution: "safer-buffer@npm:2.1.2"
  checksum: cab8f25ae6f1434abee8d80023d7e72b598cf1327164ddab31003c51215526801e40b66c5e65d658a0af1e9d6478cadcb4c745f4bd6751f97d8644786c0978b0
  languageName: node
  linkType: hard

"saslprep@npm:^1.0.3":
  version: 1.0.3
  resolution: "saslprep@npm:1.0.3"
  dependencies:
    sparse-bitfield: ^3.0.3
  checksum: 4fdc0b70fb5e523f977de405e12cca111f1f10dd68a0cfae0ca52c1a7919a94d1556598ba2d35f447655c3b32879846c77f9274c90806f6673248ae3cea6ee43
  languageName: node
  linkType: hard

"semver@npm:^7.3.5":
  version: 7.3.5
  resolution: "semver@npm:7.3.5"
  dependencies:
    lru-cache: ^6.0.0
  bin:
    semver: bin/semver.js
  checksum: 5eafe6102bea2a7439897c1856362e31cc348ccf96efd455c8b5bc2c61e6f7e7b8250dc26b8828c1d76a56f818a7ee907a36ae9fb37a599d3d24609207001d60
  languageName: node
  linkType: hard

"set-blocking@npm:^2.0.0":
  version: 2.0.0
  resolution: "set-blocking@npm:2.0.0"
  checksum: 6e65a05f7cf7ebdf8b7c75b101e18c0b7e3dff4940d480efed8aad3a36a4005140b660fa1d804cb8bce911cac290441dc728084a30504d3516ac2ff7ad607b02
  languageName: node
  linkType: hard

"sift@npm:13.5.2":
  version: 13.5.2
  resolution: "sift@npm:13.5.2"
  checksum: 31951836c464b995b25f888876dea9c58c7a3eaa419d2ed271776d55db2d1019c6438ee458047d3c16bc93f0a329366dc535dc3a6afc42038949dc2a6a548f61
  languageName: node
  linkType: hard

"sift@npm:16.0.0":
  version: 16.0.0
  resolution: "sift@npm:16.0.0"
  checksum: 88d5754afe16fbaf4274223e492f4aa382c44070bc63b84b9dcfe0f16f65ff64361c4e642b2ae65dfe33a85170a6ecc378ca44487302a88835f58fe152e62894
  languageName: node
  linkType: hard

"signal-exit@npm:^3.0.0":
  version: 3.0.6
  resolution: "signal-exit@npm:3.0.6"
  checksum: b819ac81ba757af559dad0804233ae31bf6f054591cd8a671e9cbcf09f21c72ec3076fe87d1e04861f5b33b47d63f0694b568de99c99cd733ee2060515beb6d5
  languageName: node
  linkType: hard

"simple-concat@npm:^1.0.0":
  version: 1.0.1
  resolution: "simple-concat@npm:1.0.1"
  checksum: 4d211042cc3d73a718c21ac6c4e7d7a0363e184be6a5ad25c8a1502e49df6d0a0253979e3d50dbdd3f60ef6c6c58d756b5d66ac1e05cda9cacd2e9fc59e3876a
  languageName: node
  linkType: hard

"simple-get@npm:^4.0.0":
  version: 4.0.1
  resolution: "simple-get@npm:4.0.1"
  dependencies:
    decompress-response: ^6.0.0
    once: ^1.3.1
    simple-concat: ^1.0.0
  checksum: e4132fd27cf7af230d853fa45c1b8ce900cb430dd0a3c6d3829649fe4f2b26574c803698076c4006450efb0fad2ba8c5455fbb5755d4b0a5ec42d4f12b31d27e
  languageName: node
  linkType: hard

"sliced@npm:1.0.1":
  version: 1.0.1
  resolution: "sliced@npm:1.0.1"
  checksum: 84528d23279985ead75809eeec5d601b0fb6bc28348c6627f4feb40747533a1e36a75e8bc60f9079528079b21c434890b397e8fc5c24a649165cc0bbe90b4d70
  languageName: node
  linkType: hard

"smart-buffer@npm:^4.1.0, smart-buffer@npm:^4.2.0":
  version: 4.2.0
  resolution: "smart-buffer@npm:4.2.0"
  checksum: b5167a7142c1da704c0e3af85c402002b597081dd9575031a90b4f229ca5678e9a36e8a374f1814c8156a725d17008ae3bde63b92f9cfd132526379e580bec8b
  languageName: node
  linkType: hard

"socks-proxy-agent@npm:^6.0.0":
  version: 6.1.1
  resolution: "socks-proxy-agent@npm:6.1.1"
  dependencies:
    agent-base: ^6.0.2
    debug: ^4.3.1
    socks: ^2.6.1
  checksum: 9a8a4f791bba0060315cf7291ca6f9db37d6fc280fd0860d73d8887d3efe4c22e823aa25a8d5375f6079279f8dc91b50c075345179bf832bfe3c7c26d3582e3c
  languageName: node
  linkType: hard

"socks@npm:^2.6.1":
  version: 2.6.1
  resolution: "socks@npm:2.6.1"
  dependencies:
    ip: ^1.1.5
    smart-buffer: ^4.1.0
  checksum: 2ca9d616e424f645838ebaabb04f85d94ea999e0f8393dc07f86c435af22ed88cb83958feeabd1bb7bc537c635ed47454255635502c6808a6df61af1f41af750
  languageName: node
  linkType: hard

"socks@npm:^2.6.2":
  version: 2.6.2
  resolution: "socks@npm:2.6.2"
  dependencies:
    ip: ^1.1.5
    smart-buffer: ^4.2.0
  checksum: dd9194293059d737759d5c69273850ad4149f448426249325c4bea0e340d1cf3d266c3b022694b0dcf5d31f759de23657244c481fc1e8322add80b7985c36b5e
  languageName: node
  linkType: hard

"sparse-bitfield@npm:^3.0.3":
  version: 3.0.3
  resolution: "sparse-bitfield@npm:3.0.3"
  dependencies:
    memory-pager: ^1.0.2
  checksum: 174da88dbbcc783d5dbd26921931cc83830280b8055fb05333786ebe6fc015b9601b24972b3d55920dd2d9f5fb120576fbfa2469b08e5222c9cadf3f05210aab
  languageName: node
  linkType: hard

"ssri@npm:^8.0.0, ssri@npm:^8.0.1":
  version: 8.0.1
  resolution: "ssri@npm:8.0.1"
  dependencies:
    minipass: ^3.1.1
  checksum: bc447f5af814fa9713aa201ec2522208ae0f4d8f3bda7a1f445a797c7b929a02720436ff7c478fb5edc4045adb02b1b88d2341b436a80798734e2494f1067b36
  languageName: node
  linkType: hard

"string-width@npm:^1.0.2 || 2 || 3 || 4, string-width@npm:^4.2.3":
  version: 4.2.3
  resolution: "string-width@npm:4.2.3"
  dependencies:
    emoji-regex: ^8.0.0
    is-fullwidth-code-point: ^3.0.0
    strip-ansi: ^6.0.1
  checksum: e52c10dc3fbfcd6c3a15f159f54a90024241d0f149cf8aed2982a2d801d2e64df0bf1dc351cf8e95c3319323f9f220c16e740b06faecd53e2462df1d2b5443fb
  languageName: node
  linkType: hard

"string_decoder@npm:^1.1.1":
  version: 1.3.0
  resolution: "string_decoder@npm:1.3.0"
  dependencies:
    safe-buffer: ~5.2.0
  checksum: 8417646695a66e73aefc4420eb3b84cc9ffd89572861fe004e6aeb13c7bc00e2f616247505d2dbbef24247c372f70268f594af7126f43548565c68c117bdeb56
  languageName: node
  linkType: hard

"strip-ansi@npm:^6.0.1":
  version: 6.0.1
  resolution: "strip-ansi@npm:6.0.1"
  dependencies:
    ansi-regex: ^5.0.1
  checksum: f3cd25890aef3ba6e1a74e20896c21a46f482e93df4a06567cebf2b57edabb15133f1f94e57434e0a958d61186087b1008e89c94875d019910a213181a14fc8c
  languageName: node
  linkType: hard

"strip-json-comments@npm:~2.0.1":
  version: 2.0.1
  resolution: "strip-json-comments@npm:2.0.1"
  checksum: 1074ccb63270d32ca28edfb0a281c96b94dc679077828135141f27d52a5a398ef5e78bcf22809d23cadc2b81dfbe345eb5fd8699b385c8b1128907dec4a7d1e1
  languageName: node
  linkType: hard

"tar-fs@npm:^2.0.0":
  version: 2.1.1
  resolution: "tar-fs@npm:2.1.1"
  dependencies:
    chownr: ^1.1.1
    mkdirp-classic: ^0.5.2
    pump: ^3.0.0
    tar-stream: ^2.1.4
  checksum: f5b9a70059f5b2969e65f037b4e4da2daf0fa762d3d232ffd96e819e3f94665dbbbe62f76f084f1acb4dbdcce16c6e4dac08d12ffc6d24b8d76720f4d9cf032d
  languageName: node
  linkType: hard

"tar-stream@npm:^2.1.4":
  version: 2.2.0
  resolution: "tar-stream@npm:2.2.0"
  dependencies:
    bl: ^4.0.3
    end-of-stream: ^1.4.1
    fs-constants: ^1.0.0
    inherits: ^2.0.3
    readable-stream: ^3.1.1
  checksum: 699831a8b97666ef50021c767f84924cfee21c142c2eb0e79c63254e140e6408d6d55a065a2992548e72b06de39237ef2b802b99e3ece93ca3904a37622a66f3
  languageName: node
  linkType: hard

"tar@npm:^6.0.2, tar@npm:^6.1.2":
  version: 6.1.11
  resolution: "tar@npm:6.1.11"
  dependencies:
    chownr: ^2.0.0
    fs-minipass: ^2.0.0
    minipass: ^3.0.0
    minizlib: ^2.1.1
    mkdirp: ^1.0.3
    yallist: ^4.0.0
  checksum: a04c07bb9e2d8f46776517d4618f2406fb977a74d914ad98b264fc3db0fe8224da5bec11e5f8902c5b9bcb8ace22d95fbe3c7b36b8593b7dfc8391a25898f32f
  languageName: node
  linkType: hard

"tr46@npm:^3.0.0":
  version: 3.0.0
  resolution: "tr46@npm:3.0.0"
  dependencies:
    punycode: ^2.1.1
  checksum: 44c3cc6767fb800490e6e9fd64fd49041aa4e49e1f6a012b34a75de739cc9ed3a6405296072c1df8b6389ae139c5e7c6496f659cfe13a04a4bff3a1422981270
  languageName: node
  linkType: hard

"tunnel-agent@npm:^0.6.0":
  version: 0.6.0
  resolution: "tunnel-agent@npm:0.6.0"
  dependencies:
    safe-buffer: ^5.0.1
  checksum: 05f6510358f8afc62a057b8b692f05d70c1782b70db86d6a1e0d5e28a32389e52fa6e7707b6c5ecccacc031462e4bc35af85ecfe4bbc341767917b7cf6965711
  languageName: node
  linkType: hard

"unique-filename@npm:^1.1.1":
  version: 1.1.1
  resolution: "unique-filename@npm:1.1.1"
  dependencies:
    unique-slug: ^2.0.0
  checksum: cf4998c9228cc7647ba7814e255dec51be43673903897b1786eff2ac2d670f54d4d733357eb08dea969aa5e6875d0e1bd391d668fbdb5a179744e7c7551a6f80
  languageName: node
  linkType: hard

"unique-slug@npm:^2.0.0":
  version: 2.0.2
  resolution: "unique-slug@npm:2.0.2"
  dependencies:
    imurmurhash: ^0.1.4
  checksum: 5b6876a645da08d505dedb970d1571f6cebdf87044cb6b740c8dbb24f0d6e1dc8bdbf46825fd09f994d7cf50760e6f6e063cfa197d51c5902c00a861702eb75a
  languageName: node
  linkType: hard

"util-deprecate@npm:^1.0.1":
  version: 1.0.2
  resolution: "util-deprecate@npm:1.0.2"
  checksum: 474acf1146cb2701fe3b074892217553dfcf9a031280919ba1b8d651a068c9b15d863b7303cb15bd00a862b498e6cf4ad7b4a08fb134edd5a6f7641681cb54a2
  languageName: node
  linkType: hard

"webidl-conversions@npm:^7.0.0":
  version: 7.0.0
  resolution: "webidl-conversions@npm:7.0.0"
  checksum: f05588567a2a76428515333eff87200fae6c83c3948a7482ebb109562971e77ef6dc49749afa58abb993391227c5697b3ecca52018793e0cb4620a48f10bd21b
  languageName: node
  linkType: hard

"whatwg-url@npm:^11.0.0":
  version: 11.0.0
  resolution: "whatwg-url@npm:11.0.0"
  dependencies:
    tr46: ^3.0.0
    webidl-conversions: ^7.0.0
  checksum: ed4826aaa57e66bb3488a4b25c9cd476c46ba96052747388b5801f137dd740b73fde91ad207d96baf9f17fbcc80fc1a477ad65181b5eb5fa718d27c69501d7af
  languageName: node
  linkType: hard

"which@npm:^2.0.2":
  version: 2.0.2
  resolution: "which@npm:2.0.2"
  dependencies:
    isexe: ^2.0.0
  bin:
    node-which: ./bin/node-which
  checksum: 1a5c563d3c1b52d5f893c8b61afe11abc3bab4afac492e8da5bde69d550de701cf9806235f20a47b5c8fa8a1d6a9135841de2596535e998027a54589000e66d1
  languageName: node
  linkType: hard

"wide-align@npm:^1.1.2":
  version: 1.1.5
  resolution: "wide-align@npm:1.1.5"
  dependencies:
    string-width: ^1.0.2 || 2 || 3 || 4
  checksum: d5fc37cd561f9daee3c80e03b92ed3e84d80dde3365a8767263d03dacfc8fa06b065ffe1df00d8c2a09f731482fcacae745abfbb478d4af36d0a891fad4834d3
  languageName: node
  linkType: hard

"wrappy@npm:1":
  version: 1.0.2
  resolution: "wrappy@npm:1.0.2"
  checksum: 159da4805f7e84a3d003d8841557196034155008f817172d4e986bd591f74aa82aa7db55929a54222309e01079a65a92a9e6414da5a6aa4b01ee44a511ac3ee5
  languageName: node
  linkType: hard

"yallist@npm:^4.0.0":
  version: 4.0.0
  resolution: "yallist@npm:4.0.0"
  checksum: 343617202af32df2a15a3be36a5a8c0c8545208f3d3dfbc6bb7c3e3b7e8c6f8e7485432e4f3b88da3031a6e20afa7c711eded32ddfb122896ac5d914e75848d5
  languageName: node
  linkType: hard
