# This file is generated by running "yarn install" inside your project.
# Manual changes might be lost - proceed with caution!

__metadata:
  version: 4
  cacheKey: 7

"authtest@workspace:.":
  version: 0.0.0-use.local
  resolution: "authtest@workspace:."
  dependencies:
    passport-local: ^1.0.0
  languageName: unknown
  linkType: soft

"passport-local@npm:^1.0.0":
  version: 1.0.0
  resolution: "passport-local@npm:1.0.0"
  dependencies:
    passport-strategy: 1.x.x
  checksum: 2d3decab3fde758227c42c5780ffa7fac50759fcf56b49a845de05c72062e2f5b2288ab1badddba0fb6d21eb3d5b4e4bb1083b922624ac4fe90e97fcba0f3b96
  languageName: node
  linkType: hard

"passport-strategy@npm:1.x.x":
  version: 1.0.0
  resolution: "passport-strategy@npm:1.0.0"
  checksum: 4ad0b62fcb411df70484aef44a958bc545801170e27c46a8bc38776c370d9cc67df9a4a4046ac6146fbd95d6650e554468df72b282cde22e81a42369472e9cfc
  languageName: node
  linkType: hard
