# This file is generated by running "yarn install" inside your project.
# Manual changes might be lost - proceed with caution!

__metadata:
  version: 6
  cacheKey: 8

"authtest@workspace:.":
  version: 0.0.0-use.local
  resolution: "authtest@workspace:."
  dependencies:
    passport-local: 1.0.0
  languageName: unknown
  linkType: soft

"passport-local@npm:1.0.0":
  version: 1.0.0
  resolution: "passport-local@npm:1.0.0"
  dependencies:
    passport-strategy: 1.x.x
  checksum: 86dc08b12f05f0ce1bb109780ccb0377eff45bbba70aa9c0d65f092b3ef476d344c0443517db2e9f3e5ec0ca849171ab25fb622164e0f69a677173af42b9bba7
  languageName: node
  linkType: hard

"passport-strategy@npm:1.x.x":
  version: 1.0.0
  resolution: "passport-strategy@npm:1.0.0"
  checksum: 5086693f2508e538dffa55a338c89fe8192fb5f4478c71f80cd5890b8573419a098f4fec88b505374f60bbe9049f6f24b9f3992678612528a3370b4dc73354a2
  languageName: node
  linkType: hard
